// !$*UTF8*$!
{
	archiveVersion = 1;
	classes = {
	};
	objectVersion = 56;
	objects = {

/* Begin PBXBuildFile section */
		323445702B4752F700C218F1 /* FirestoreDataViewModel.swift in Sources */ = {isa = PBXBuildFile; fileRef = 3234456F2B4752F700C218F1 /* FirestoreDataViewModel.swift */; };
		323719462B6D4D39008C9DEE /* CustomButton.swift in Sources */ = {isa = PBXBuildFile; fileRef = 323719452B6D4D39008C9DEE /* CustomButton.swift */; };
		3242D11C2B728F04005BE4A3 /* Station.swift in Sources */ = {isa = PBXBuildFile; fileRef = 3242D11B2B728F04005BE4A3 /* Station.swift */; };
		32478A642B6D9DF2009B9969 /* NetworkManager.swift in Sources */ = {isa = PBXBuildFile; fileRef = 32478A632B6D9DF2009B9969 /* NetworkManager.swift */; };
		32B0E97B2B6C5E6F0090ABF2 /* LocationManager.swift in Sources */ = {isa = PBXBuildFile; fileRef = 32B0E97A2B6C5E6F0090ABF2 /* LocationManager.swift */; };
		32B0E97D2B6C70650090ABF2 /* MKCoordinateRegion+Ext.swift in Sources */ = {isa = PBXBuildFile; fileRef = 32B0E97C2B6C70650090ABF2 /* MKCoordinateRegion+Ext.swift */; };
		6105432B2B34B5B300CFC9DB /* GoogleService-Info.plist in Resources */ = {isa = PBXBuildFile; fileRef = 6105432A2B34B5B300CFC9DB /* GoogleService-Info.plist */; };
		6105433A2B34BD0700CFC9DB /* FirebaseAuth in Frameworks */ = {isa = PBXBuildFile; productRef = 610543392B34BD0700CFC9DB /* FirebaseAuth */; };
		610543402B34BD0700CFC9DB /* FirebaseDatabase in Frameworks */ = {isa = PBXBuildFile; productRef = 6105433F2B34BD0700CFC9DB /* FirebaseDatabase */; };
		610543422B34BD0700CFC9DB /* FirebaseDatabaseSwift in Frameworks */ = {isa = PBXBuildFile; productRef = 610543412B34BD0700CFC9DB /* FirebaseDatabaseSwift */; };
		610543462B34BD0700CFC9DB /* FirebaseFirestore in Frameworks */ = {isa = PBXBuildFile; productRef = 610543452B34BD0700CFC9DB /* FirebaseFirestore */; };
		6105434A2B34BD0700CFC9DB /* FirebaseFirestoreSwift in Frameworks */ = {isa = PBXBuildFile; productRef = 610543492B34BD0700CFC9DB /* FirebaseFirestoreSwift */; };
		610543602B34BD0700CFC9DB /* FirebaseStorage in Frameworks */ = {isa = PBXBuildFile; productRef = 6105435F2B34BD0700CFC9DB /* FirebaseStorage */; };
		610543672B34CB0400CFC9DB /* SignInScreen.swift in Sources */ = {isa = PBXBuildFile; fileRef = 610543662B34CB0400CFC9DB /* SignInScreen.swift */; };
		6105436A2B34CF5700CFC9DB /* CustomTextField.swift in Sources */ = {isa = PBXBuildFile; fileRef = 610543692B34CF5700CFC9DB /* CustomTextField.swift */; };
		6105436C2B34E2FE00CFC9DB /* SignUpScreen.swift in Sources */ = {isa = PBXBuildFile; fileRef = 6105436B2B34E2FE00CFC9DB /* SignUpScreen.swift */; };
		611AD1292B1D3F3A00BD5EB7 /* Service.swift in Sources */ = {isa = PBXBuildFile; fileRef = 611AD1272B1D3F3A00BD5EB7 /* Service.swift */; };
		611AD1332B1D3F4800BD5EB7 /* ServiceCell.swift in Sources */ = {isa = PBXBuildFile; fileRef = 611AD12C2B1D3F4800BD5EB7 /* ServiceCell.swift */; };
		611AD1342B1D3F4800BD5EB7 /* StationLocationCell.swift in Sources */ = {isa = PBXBuildFile; fileRef = 611AD12D2B1D3F4800BD5EB7 /* StationLocationCell.swift */; };
		611AD1352B1D3F4800BD5EB7 /* ServicesList.swift in Sources */ = {isa = PBXBuildFile; fileRef = 611AD12F2B1D3F4800BD5EB7 /* ServicesList.swift */; };
		611AD1362B1D3F4800BD5EB7 /* StationsList.swift in Sources */ = {isa = PBXBuildFile; fileRef = 611AD1302B1D3F4800BD5EB7 /* StationsList.swift */; };
		611AD1372B1D3F4800BD5EB7 /* MapItemPreview.swift in Sources */ = {isa = PBXBuildFile; fileRef = 611AD1322B1D3F4800BD5EB7 /* MapItemPreview.swift */; };
		61342F9F2B25DDB1000BE286 /* SupportScreen.swift in Sources */ = {isa = PBXBuildFile; fileRef = 61342F9E2B25DDB1000BE286 /* SupportScreen.swift */; };
		613AE8E62B36E21700B5048A /* AuthViewModel.swift in Sources */ = {isa = PBXBuildFile; fileRef = 613AE8E52B36E21700B5048A /* AuthViewModel.swift */; };
		614314902B17F980009A1D9C /* HomeScreen.swift in Sources */ = {isa = PBXBuildFile; fileRef = 6143148F2B17F980009A1D9C /* HomeScreen.swift */; };
		614314922B17F98F009A1D9C /* MapScreen.swift in Sources */ = {isa = PBXBuildFile; fileRef = 614314912B17F98F009A1D9C /* MapScreen.swift */; };
		614314942B17F9A2009A1D9C /* ProfileScreen.swift in Sources */ = {isa = PBXBuildFile; fileRef = 614314932B17F9A2009A1D9C /* ProfileScreen.swift */; };
		61696B712B1F741F00406421 /* User.swift in Sources */ = {isa = PBXBuildFile; fileRef = 61696B702B1F741F00406421 /* User.swift */; };
		61696B742B1F74EE00406421 /* Alert.swift in Sources */ = {isa = PBXBuildFile; fileRef = 61696B732B1F74EE00406421 /* Alert.swift */; };
		61696B772B1F7A8400406421 /* String+Ext.swift in Sources */ = {isa = PBXBuildFile; fileRef = 61696B762B1F7A8400406421 /* String+Ext.swift */; };
		6171A4442B1DCE6400D22A23 /* UserDataPreview.swift in Sources */ = {isa = PBXBuildFile; fileRef = 6171A4432B1DCE6400D22A23 /* UserDataPreview.swift */; };
		6171A4462B1DD11800D22A23 /* QRCodePreview.swift in Sources */ = {isa = PBXBuildFile; fileRef = 6171A4452B1DD11800D22A23 /* QRCodePreview.swift */; };
		6171A44D2B1DDFD300D22A23 /* Product.swift in Sources */ = {isa = PBXBuildFile; fileRef = 6171A44C2B1DDFD300D22A23 /* Product.swift */; };
		6171A44F2B1DE03800D22A23 /* ProductCell.swift in Sources */ = {isa = PBXBuildFile; fileRef = 6171A44E2B1DE03800D22A23 /* ProductCell.swift */; };
		6171A4532B1DE2D800D22A23 /* ProductsList.swift in Sources */ = {isa = PBXBuildFile; fileRef = 6171A4522B1DE2D800D22A23 /* ProductsList.swift */; };
		61A62BA82B3E340E0005C9AB /* AppearanceChangerPreview.swift in Sources */ = {isa = PBXBuildFile; fileRef = 61A62BA72B3E340E0005C9AB /* AppearanceChangerPreview.swift */; };
		61BEC9A12B1E703D00AF223D /* UserPrivateDataPreview.swift in Sources */ = {isa = PBXBuildFile; fileRef = 61BEC9A02B1E703D00AF223D /* UserPrivateDataPreview.swift */; };
		61E5E6122B17E981005B3D03 /* EcoFillApp.swift in Sources */ = {isa = PBXBuildFile; fileRef = 61E5E6112B17E981005B3D03 /* EcoFillApp.swift */; };
		61E5E6142B17E981005B3D03 /* MainTabScreen.swift in Sources */ = {isa = PBXBuildFile; fileRef = 61E5E6132B17E981005B3D03 /* MainTabScreen.swift */; };
		61E5E6162B17E981005B3D03 /* Assets.xcassets in Resources */ = {isa = PBXBuildFile; fileRef = 61E5E6152B17E981005B3D03 /* Assets.xcassets */; };
		61E5E6192B17E981005B3D03 /* Preview Assets.xcassets in Resources */ = {isa = PBXBuildFile; fileRef = 61E5E6182B17E981005B3D03 /* Preview Assets.xcassets */; };
/* End PBXBuildFile section */

/* Begin PBXFileReference section */
		3234456F2B4752F700C218F1 /* FirestoreDataViewModel.swift */ = {isa = PBXFileReference; lastKnownFileType = sourcecode.swift; path = FirestoreDataViewModel.swift; sourceTree = "<group>"; };
		323719452B6D4D39008C9DEE /* CustomButton.swift */ = {isa = PBXFileReference; lastKnownFileType = sourcecode.swift; path = CustomButton.swift; sourceTree = "<group>"; };
		3242D11B2B728F04005BE4A3 /* Station.swift */ = {isa = PBXFileReference; lastKnownFileType = sourcecode.swift; path = Station.swift; sourceTree = "<group>"; };
		32478A632B6D9DF2009B9969 /* NetworkManager.swift */ = {isa = PBXFileReference; lastKnownFileType = sourcecode.swift; path = NetworkManager.swift; sourceTree = "<group>"; };
		32B0E97A2B6C5E6F0090ABF2 /* LocationManager.swift */ = {isa = PBXFileReference; lastKnownFileType = sourcecode.swift; path = LocationManager.swift; sourceTree = "<group>"; };
		32B0E97C2B6C70650090ABF2 /* MKCoordinateRegion+Ext.swift */ = {isa = PBXFileReference; lastKnownFileType = sourcecode.swift; path = "MKCoordinateRegion+Ext.swift"; sourceTree = "<group>"; };
		6105432A2B34B5B300CFC9DB /* GoogleService-Info.plist */ = {isa = PBXFileReference; fileEncoding = 4; lastKnownFileType = text.plist.xml; path = "GoogleService-Info.plist"; sourceTree = "<group>"; };
		610543662B34CB0400CFC9DB /* SignInScreen.swift */ = {isa = PBXFileReference; lastKnownFileType = sourcecode.swift; path = SignInScreen.swift; sourceTree = "<group>"; };
		610543692B34CF5700CFC9DB /* CustomTextField.swift */ = {isa = PBXFileReference; lastKnownFileType = sourcecode.swift; path = CustomTextField.swift; sourceTree = "<group>"; };
		6105436B2B34E2FE00CFC9DB /* SignUpScreen.swift */ = {isa = PBXFileReference; lastKnownFileType = sourcecode.swift; path = SignUpScreen.swift; sourceTree = "<group>"; };
		611AD1272B1D3F3A00BD5EB7 /* Service.swift */ = {isa = PBXFileReference; fileEncoding = 4; lastKnownFileType = sourcecode.swift; path = Service.swift; sourceTree = "<group>"; };
		611AD12C2B1D3F4800BD5EB7 /* ServiceCell.swift */ = {isa = PBXFileReference; fileEncoding = 4; lastKnownFileType = sourcecode.swift; path = ServiceCell.swift; sourceTree = "<group>"; };
		611AD12D2B1D3F4800BD5EB7 /* StationLocationCell.swift */ = {isa = PBXFileReference; fileEncoding = 4; lastKnownFileType = sourcecode.swift; path = StationLocationCell.swift; sourceTree = "<group>"; };
		611AD12F2B1D3F4800BD5EB7 /* ServicesList.swift */ = {isa = PBXFileReference; fileEncoding = 4; lastKnownFileType = sourcecode.swift; path = ServicesList.swift; sourceTree = "<group>"; };
		611AD1302B1D3F4800BD5EB7 /* StationsList.swift */ = {isa = PBXFileReference; fileEncoding = 4; lastKnownFileType = sourcecode.swift; path = StationsList.swift; sourceTree = "<group>"; };
		611AD1322B1D3F4800BD5EB7 /* MapItemPreview.swift */ = {isa = PBXFileReference; fileEncoding = 4; lastKnownFileType = sourcecode.swift; path = MapItemPreview.swift; sourceTree = "<group>"; };
		61342F9E2B25DDB1000BE286 /* SupportScreen.swift */ = {isa = PBXFileReference; lastKnownFileType = sourcecode.swift; path = SupportScreen.swift; sourceTree = "<group>"; };
		613AE8E52B36E21700B5048A /* AuthViewModel.swift */ = {isa = PBXFileReference; lastKnownFileType = sourcecode.swift; path = AuthViewModel.swift; sourceTree = "<group>"; };
		6143148F2B17F980009A1D9C /* HomeScreen.swift */ = {isa = PBXFileReference; lastKnownFileType = sourcecode.swift; path = HomeScreen.swift; sourceTree = "<group>"; };
		614314912B17F98F009A1D9C /* MapScreen.swift */ = {isa = PBXFileReference; lastKnownFileType = sourcecode.swift; path = MapScreen.swift; sourceTree = "<group>"; };
		614314932B17F9A2009A1D9C /* ProfileScreen.swift */ = {isa = PBXFileReference; lastKnownFileType = sourcecode.swift; path = ProfileScreen.swift; sourceTree = "<group>"; };
		61696B702B1F741F00406421 /* User.swift */ = {isa = PBXFileReference; lastKnownFileType = sourcecode.swift; path = User.swift; sourceTree = "<group>"; };
		61696B732B1F74EE00406421 /* Alert.swift */ = {isa = PBXFileReference; lastKnownFileType = sourcecode.swift; path = Alert.swift; sourceTree = "<group>"; };
		61696B762B1F7A8400406421 /* String+Ext.swift */ = {isa = PBXFileReference; lastKnownFileType = sourcecode.swift; path = "String+Ext.swift"; sourceTree = "<group>"; };
		6171A4432B1DCE6400D22A23 /* UserDataPreview.swift */ = {isa = PBXFileReference; lastKnownFileType = sourcecode.swift; path = UserDataPreview.swift; sourceTree = "<group>"; };
		6171A4452B1DD11800D22A23 /* QRCodePreview.swift */ = {isa = PBXFileReference; lastKnownFileType = sourcecode.swift; path = QRCodePreview.swift; sourceTree = "<group>"; };
		6171A44C2B1DDFD300D22A23 /* Product.swift */ = {isa = PBXFileReference; lastKnownFileType = sourcecode.swift; path = Product.swift; sourceTree = "<group>"; };
		6171A44E2B1DE03800D22A23 /* ProductCell.swift */ = {isa = PBXFileReference; lastKnownFileType = sourcecode.swift; path = ProductCell.swift; sourceTree = "<group>"; };
		6171A4522B1DE2D800D22A23 /* ProductsList.swift */ = {isa = PBXFileReference; lastKnownFileType = sourcecode.swift; path = ProductsList.swift; sourceTree = "<group>"; };
		61A62BA72B3E340E0005C9AB /* AppearanceChangerPreview.swift */ = {isa = PBXFileReference; lastKnownFileType = sourcecode.swift; path = AppearanceChangerPreview.swift; sourceTree = "<group>"; };
		61BEC9A02B1E703D00AF223D /* UserPrivateDataPreview.swift */ = {isa = PBXFileReference; lastKnownFileType = sourcecode.swift; path = UserPrivateDataPreview.swift; sourceTree = "<group>"; };
		61E5E60E2B17E981005B3D03 /* EcoFill.app */ = {isa = PBXFileReference; explicitFileType = wrapper.application; includeInIndex = 0; path = EcoFill.app; sourceTree = BUILT_PRODUCTS_DIR; };
		61E5E6112B17E981005B3D03 /* EcoFillApp.swift */ = {isa = PBXFileReference; lastKnownFileType = sourcecode.swift; path = EcoFillApp.swift; sourceTree = "<group>"; };
		61E5E6132B17E981005B3D03 /* MainTabScreen.swift */ = {isa = PBXFileReference; lastKnownFileType = sourcecode.swift; path = MainTabScreen.swift; sourceTree = "<group>"; };
		61E5E6152B17E981005B3D03 /* Assets.xcassets */ = {isa = PBXFileReference; lastKnownFileType = folder.assetcatalog; path = Assets.xcassets; sourceTree = "<group>"; };
		61E5E6182B17E981005B3D03 /* Preview Assets.xcassets */ = {isa = PBXFileReference; lastKnownFileType = folder.assetcatalog; path = "Preview Assets.xcassets"; sourceTree = "<group>"; };
/* End PBXFileReference section */

/* Begin PBXFrameworksBuildPhase section */
		61E5E60B2B17E981005B3D03 /* Frameworks */ = {
			isa = PBXFrameworksBuildPhase;
			buildActionMask = 2147483647;
			files = (
				610543402B34BD0700CFC9DB /* FirebaseDatabase in Frameworks */,
				610543462B34BD0700CFC9DB /* FirebaseFirestore in Frameworks */,
				6105434A2B34BD0700CFC9DB /* FirebaseFirestoreSwift in Frameworks */,
				6105433A2B34BD0700CFC9DB /* FirebaseAuth in Frameworks */,
				610543422B34BD0700CFC9DB /* FirebaseDatabaseSwift in Frameworks */,
				610543602B34BD0700CFC9DB /* FirebaseStorage in Frameworks */,
			);
			runOnlyForDeploymentPostprocessing = 0;
		};
/* End PBXFrameworksBuildPhase section */

/* Begin PBXGroup section */
		32B0E9792B6C5E640090ABF2 /* Managers */ = {
			isa = PBXGroup;
			children = (
				32B0E97A2B6C5E6F0090ABF2 /* LocationManager.swift */,
				32478A632B6D9DF2009B9969 /* NetworkManager.swift */,
			);
			path = Managers;
			sourceTree = "<group>";
		};
		611AD1252B1D3F3A00BD5EB7 /* Models */ = {
			isa = PBXGroup;
			children = (
				61696B702B1F741F00406421 /* User.swift */,
				611AD1272B1D3F3A00BD5EB7 /* Service.swift */,
				6171A44C2B1DDFD300D22A23 /* Product.swift */,
				3242D11B2B728F04005BE4A3 /* Station.swift */,
			);
			path = Models;
			sourceTree = "<group>";
		};
		611AD12A2B1D3F4800BD5EB7 /* Views */ = {
			isa = PBXGroup;
			children = (
				61AC235F2B3CD79900FE9CB3 /* TextFields */,
				611AD12B2B1D3F4800BD5EB7 /* Cells */,
				611AD12E2B1D3F4800BD5EB7 /* Lists */,
				611AD1312B1D3F4800BD5EB7 /* Previews */,
				6171A4472B1DD86700D22A23 /* Buttons */,
			);
			path = Views;
			sourceTree = "<group>";
		};
		611AD12B2B1D3F4800BD5EB7 /* Cells */ = {
			isa = PBXGroup;
			children = (
				611AD12C2B1D3F4800BD5EB7 /* ServiceCell.swift */,
				6171A44E2B1DE03800D22A23 /* ProductCell.swift */,
				611AD12D2B1D3F4800BD5EB7 /* StationLocationCell.swift */,
			);
			path = Cells;
			sourceTree = "<group>";
		};
		611AD12E2B1D3F4800BD5EB7 /* Lists */ = {
			isa = PBXGroup;
			children = (
				611AD12F2B1D3F4800BD5EB7 /* ServicesList.swift */,
				6171A4522B1DE2D800D22A23 /* ProductsList.swift */,
				611AD1302B1D3F4800BD5EB7 /* StationsList.swift */,
			);
			path = Lists;
			sourceTree = "<group>";
		};
		611AD1312B1D3F4800BD5EB7 /* Previews */ = {
			isa = PBXGroup;
			children = (
				6171A4452B1DD11800D22A23 /* QRCodePreview.swift */,
				6171A4432B1DCE6400D22A23 /* UserDataPreview.swift */,
				61BEC9A02B1E703D00AF223D /* UserPrivateDataPreview.swift */,
				611AD1322B1D3F4800BD5EB7 /* MapItemPreview.swift */,
				61A62BA72B3E340E0005C9AB /* AppearanceChangerPreview.swift */,
			);
			path = Previews;
			sourceTree = "<group>";
		};
		613B791B2B3A3225006085F5 /* Authentication */ = {
			isa = PBXGroup;
			children = (
				610543662B34CB0400CFC9DB /* SignInScreen.swift */,
				6105436B2B34E2FE00CFC9DB /* SignUpScreen.swift */,
			);
			path = Authentication;
			sourceTree = "<group>";
		};
		6143148E2B17F972009A1D9C /* Screens */ = {
			isa = PBXGroup;
			children = (
				613B791B2B3A3225006085F5 /* Authentication */,
				61E5E6132B17E981005B3D03 /* MainTabScreen.swift */,
				6143148F2B17F980009A1D9C /* HomeScreen.swift */,
				61342F9E2B25DDB1000BE286 /* SupportScreen.swift */,
				614314912B17F98F009A1D9C /* MapScreen.swift */,
				614314932B17F9A2009A1D9C /* ProfileScreen.swift */,
			);
			path = Screens;
			sourceTree = "<group>";
		};
		61696B722B1F74E000406421 /* Utilities */ = {
			isa = PBXGroup;
			children = (
				61F0D6CF2B1FDDAE001A3222 /* Alerts */,
				61696B752B1F784A00406421 /* Extensions */,
			);
			path = Utilities;
			sourceTree = "<group>";
		};
		61696B752B1F784A00406421 /* Extensions */ = {
			isa = PBXGroup;
			children = (
				61696B762B1F7A8400406421 /* String+Ext.swift */,
				32B0E97C2B6C70650090ABF2 /* MKCoordinateRegion+Ext.swift */,
			);
			path = Extensions;
			sourceTree = "<group>";
		};
		6171A4472B1DD86700D22A23 /* Buttons */ = {
			isa = PBXGroup;
			children = (
				323719452B6D4D39008C9DEE /* CustomButton.swift */,
			);
			path = Buttons;
			sourceTree = "<group>";
		};
		61AC235F2B3CD79900FE9CB3 /* TextFields */ = {
			isa = PBXGroup;
			children = (
				610543692B34CF5700CFC9DB /* CustomTextField.swift */,
			);
			path = TextFields;
			sourceTree = "<group>";
		};
		61BEC9A22B1E74FE00AF223D /* ViewModels */ = {
			isa = PBXGroup;
			children = (
				613AE8E52B36E21700B5048A /* AuthViewModel.swift */,
				3234456F2B4752F700C218F1 /* FirestoreDataViewModel.swift */,
			);
			path = ViewModels;
			sourceTree = "<group>";
		};
		61E5E6052B17E981005B3D03 = {
			isa = PBXGroup;
			children = (
				61E5E6102B17E981005B3D03 /* EcoFill */,
				61E5E60F2B17E981005B3D03 /* Products */,
			);
			sourceTree = "<group>";
		};
		61E5E60F2B17E981005B3D03 /* Products */ = {
			isa = PBXGroup;
			children = (
				61E5E60E2B17E981005B3D03 /* EcoFill.app */,
			);
			name = Products;
			sourceTree = "<group>";
		};
		61E5E6102B17E981005B3D03 /* EcoFill */ = {
			isa = PBXGroup;
			children = (
				6105432A2B34B5B300CFC9DB /* GoogleService-Info.plist */,
				61E5E6112B17E981005B3D03 /* EcoFillApp.swift */,
				32B0E9792B6C5E640090ABF2 /* Managers */,
				61696B722B1F74E000406421 /* Utilities */,
				611AD1252B1D3F3A00BD5EB7 /* Models */,
				61BEC9A22B1E74FE00AF223D /* ViewModels */,
				611AD12A2B1D3F4800BD5EB7 /* Views */,
				6143148E2B17F972009A1D9C /* Screens */,
				61E5E6152B17E981005B3D03 /* Assets.xcassets */,
				61E5E6172B17E981005B3D03 /* Preview Content */,
			);
			path = EcoFill;
			sourceTree = "<group>";
		};
		61E5E6172B17E981005B3D03 /* Preview Content */ = {
			isa = PBXGroup;
			children = (
				61E5E6182B17E981005B3D03 /* Preview Assets.xcassets */,
			);
			path = "Preview Content";
			sourceTree = "<group>";
		};
		61F0D6CF2B1FDDAE001A3222 /* Alerts */ = {
			isa = PBXGroup;
			children = (
				61696B732B1F74EE00406421 /* Alert.swift */,
			);
			path = Alerts;
			sourceTree = "<group>";
		};
/* End PBXGroup section */

/* Begin PBXNativeTarget section */
		61E5E60D2B17E981005B3D03 /* EcoFill */ = {
			isa = PBXNativeTarget;
			buildConfigurationList = 61E5E61C2B17E981005B3D03 /* Build configuration list for PBXNativeTarget "EcoFill" */;
			buildPhases = (
				61E5E60A2B17E981005B3D03 /* Sources */,
				61E5E60B2B17E981005B3D03 /* Frameworks */,
				61E5E60C2B17E981005B3D03 /* Resources */,
			);
			buildRules = (
			);
			dependencies = (
			);
			name = EcoFill;
			packageProductDependencies = (
				610543392B34BD0700CFC9DB /* FirebaseAuth */,
				6105433F2B34BD0700CFC9DB /* FirebaseDatabase */,
				610543412B34BD0700CFC9DB /* FirebaseDatabaseSwift */,
				610543452B34BD0700CFC9DB /* FirebaseFirestore */,
				610543492B34BD0700CFC9DB /* FirebaseFirestoreSwift */,
				6105435F2B34BD0700CFC9DB /* FirebaseStorage */,
			);
			productName = EcoFill;
			productReference = 61E5E60E2B17E981005B3D03 /* EcoFill.app */;
			productType = "com.apple.product-type.application";
		};
/* End PBXNativeTarget section */

/* Begin PBXProject section */
		61E5E6062B17E981005B3D03 /* Project object */ = {
			isa = PBXProject;
			attributes = {
				BuildIndependentTargetsInParallel = 1;
				LastSwiftUpdateCheck = 1500;
				LastUpgradeCheck = 1500;
				TargetAttributes = {
					61E5E60D2B17E981005B3D03 = {
						CreatedOnToolsVersion = 15.0.1;
					};
				};
			};
			buildConfigurationList = 61E5E6092B17E981005B3D03 /* Build configuration list for PBXProject "EcoFill" */;
			compatibilityVersion = "Xcode 14.0";
			developmentRegion = en;
			hasScannedForEncodings = 0;
			knownRegions = (
				en,
				Base,
			);
			mainGroup = 61E5E6052B17E981005B3D03;
			packageReferences = (
				6105432C2B34BD0700CFC9DB /* XCRemoteSwiftPackageReference "firebase-ios-sdk" */,
			);
			productRefGroup = 61E5E60F2B17E981005B3D03 /* Products */;
			projectDirPath = "";
			projectRoot = "";
			targets = (
				61E5E60D2B17E981005B3D03 /* EcoFill */,
			);
		};
/* End PBXProject section */

/* Begin PBXResourcesBuildPhase section */
		61E5E60C2B17E981005B3D03 /* Resources */ = {
			isa = PBXResourcesBuildPhase;
			buildActionMask = 2147483647;
			files = (
				61E5E6192B17E981005B3D03 /* Preview Assets.xcassets in Resources */,
				61E5E6162B17E981005B3D03 /* Assets.xcassets in Resources */,
				6105432B2B34B5B300CFC9DB /* GoogleService-Info.plist in Resources */,
			);
			runOnlyForDeploymentPostprocessing = 0;
		};
/* End PBXResourcesBuildPhase section */

/* Begin PBXSourcesBuildPhase section */
		61E5E60A2B17E981005B3D03 /* Sources */ = {
			isa = PBXSourcesBuildPhase;
			buildActionMask = 2147483647;
			files = (
				61342F9F2B25DDB1000BE286 /* SupportScreen.swift in Sources */,
				614314922B17F98F009A1D9C /* MapScreen.swift in Sources */,
				610543672B34CB0400CFC9DB /* SignInScreen.swift in Sources */,
				32B0E97D2B6C70650090ABF2 /* MKCoordinateRegion+Ext.swift in Sources */,
				32B0E97B2B6C5E6F0090ABF2 /* LocationManager.swift in Sources */,
				6105436C2B34E2FE00CFC9DB /* SignUpScreen.swift in Sources */,
				611AD1292B1D3F3A00BD5EB7 /* Service.swift in Sources */,
				613AE8E62B36E21700B5048A /* AuthViewModel.swift in Sources */,
				611AD1372B1D3F4800BD5EB7 /* MapItemPreview.swift in Sources */,
				32478A642B6D9DF2009B9969 /* NetworkManager.swift in Sources */,
				614314902B17F980009A1D9C /* HomeScreen.swift in Sources */,
				61696B742B1F74EE00406421 /* Alert.swift in Sources */,
				6171A4462B1DD11800D22A23 /* QRCodePreview.swift in Sources */,
				61E5E6142B17E981005B3D03 /* MainTabScreen.swift in Sources */,
				323719462B6D4D39008C9DEE /* CustomButton.swift in Sources */,
				61BEC9A12B1E703D00AF223D /* UserPrivateDataPreview.swift in Sources */,
				6171A4442B1DCE6400D22A23 /* UserDataPreview.swift in Sources */,
				61A62BA82B3E340E0005C9AB /* AppearanceChangerPreview.swift in Sources */,
				61E5E6122B17E981005B3D03 /* EcoFillApp.swift in Sources */,
				3242D11C2B728F04005BE4A3 /* Station.swift in Sources */,
				323445702B4752F700C218F1 /* FirestoreDataViewModel.swift in Sources */,
				6171A44D2B1DDFD300D22A23 /* Product.swift in Sources */,
				6171A4532B1DE2D800D22A23 /* ProductsList.swift in Sources */,
				611AD1332B1D3F4800BD5EB7 /* ServiceCell.swift in Sources */,
				611AD1362B1D3F4800BD5EB7 /* StationsList.swift in Sources */,
				61696B772B1F7A8400406421 /* String+Ext.swift in Sources */,
				6171A44F2B1DE03800D22A23 /* ProductCell.swift in Sources */,
				611AD1342B1D3F4800BD5EB7 /* StationLocationCell.swift in Sources */,
				611AD1352B1D3F4800BD5EB7 /* ServicesList.swift in Sources */,
				6105436A2B34CF5700CFC9DB /* CustomTextField.swift in Sources */,
				614314942B17F9A2009A1D9C /* ProfileScreen.swift in Sources */,
				61696B712B1F741F00406421 /* User.swift in Sources */,
			);
			runOnlyForDeploymentPostprocessing = 0;
		};
/* End PBXSourcesBuildPhase section */

/* Begin XCBuildConfiguration section */
		61E5E61A2B17E981005B3D03 /* Debug */ = {
			isa = XCBuildConfiguration;
			buildSettings = {
				ALWAYS_SEARCH_USER_PATHS = NO;
				ASSETCATALOG_COMPILER_GENERATE_SWIFT_ASSET_SYMBOL_EXTENSIONS = YES;
				CLANG_ANALYZER_NONNULL = YES;
				CLANG_ANALYZER_NUMBER_OBJECT_CONVERSION = YES_AGGRESSIVE;
				CLANG_CXX_LANGUAGE_STANDARD = "gnu++20";
				CLANG_ENABLE_MODULES = YES;
				CLANG_ENABLE_OBJC_ARC = YES;
				CLANG_ENABLE_OBJC_WEAK = YES;
				CLANG_WARN_BLOCK_CAPTURE_AUTORELEASING = YES;
				CLANG_WARN_BOOL_CONVERSION = YES;
				CLANG_WARN_COMMA = YES;
				CLANG_WARN_CONSTANT_CONVERSION = YES;
				CLANG_WARN_DEPRECATED_OBJC_IMPLEMENTATIONS = YES;
				CLANG_WARN_DIRECT_OBJC_ISA_USAGE = YES_ERROR;
				CLANG_WARN_DOCUMENTATION_COMMENTS = YES;
				CLANG_WARN_EMPTY_BODY = YES;
				CLANG_WARN_ENUM_CONVERSION = YES;
				CLANG_WARN_INFINITE_RECURSION = YES;
				CLANG_WARN_INT_CONVERSION = YES;
				CLANG_WARN_NON_LITERAL_NULL_CONVERSION = YES;
				CLANG_WARN_OBJC_IMPLICIT_RETAIN_SELF = YES;
				CLANG_WARN_OBJC_LITERAL_CONVERSION = YES;
				CLANG_WARN_OBJC_ROOT_CLASS = YES_ERROR;
				CLANG_WARN_QUOTED_INCLUDE_IN_FRAMEWORK_HEADER = YES;
				CLANG_WARN_RANGE_LOOP_ANALYSIS = YES;
				CLANG_WARN_STRICT_PROTOTYPES = YES;
				CLANG_WARN_SUSPICIOUS_MOVE = YES;
				CLANG_WARN_UNGUARDED_AVAILABILITY = YES_AGGRESSIVE;
				CLANG_WARN_UNREACHABLE_CODE = YES;
				CLANG_WARN__DUPLICATE_METHOD_MATCH = YES;
				COPY_PHASE_STRIP = NO;
				DEBUG_INFORMATION_FORMAT = dwarf;
				ENABLE_STRICT_OBJC_MSGSEND = YES;
				ENABLE_TESTABILITY = YES;
				ENABLE_USER_SCRIPT_SANDBOXING = YES;
				GCC_C_LANGUAGE_STANDARD = gnu17;
				GCC_DYNAMIC_NO_PIC = NO;
				GCC_NO_COMMON_BLOCKS = YES;
				GCC_OPTIMIZATION_LEVEL = 0;
				GCC_PREPROCESSOR_DEFINITIONS = (
					"DEBUG=1",
					"$(inherited)",
				);
				GCC_WARN_64_TO_32_BIT_CONVERSION = YES;
				GCC_WARN_ABOUT_RETURN_TYPE = YES_ERROR;
				GCC_WARN_UNDECLARED_SELECTOR = YES;
				GCC_WARN_UNINITIALIZED_AUTOS = YES_AGGRESSIVE;
				GCC_WARN_UNUSED_FUNCTION = YES;
				GCC_WARN_UNUSED_VARIABLE = YES;
				IPHONEOS_DEPLOYMENT_TARGET = 17.0;
				LOCALIZATION_PREFERS_STRING_CATALOGS = YES;
				MTL_ENABLE_DEBUG_INFO = INCLUDE_SOURCE;
				MTL_FAST_MATH = YES;
				ONLY_ACTIVE_ARCH = YES;
				SDKROOT = iphoneos;
				SWIFT_ACTIVE_COMPILATION_CONDITIONS = "DEBUG $(inherited)";
				SWIFT_OPTIMIZATION_LEVEL = "-Onone";
			};
			name = Debug;
		};
		61E5E61B2B17E981005B3D03 /* Release */ = {
			isa = XCBuildConfiguration;
			buildSettings = {
				ALWAYS_SEARCH_USER_PATHS = NO;
				ASSETCATALOG_COMPILER_GENERATE_SWIFT_ASSET_SYMBOL_EXTENSIONS = YES;
				CLANG_ANALYZER_NONNULL = YES;
				CLANG_ANALYZER_NUMBER_OBJECT_CONVERSION = YES_AGGRESSIVE;
				CLANG_CXX_LANGUAGE_STANDARD = "gnu++20";
				CLANG_ENABLE_MODULES = YES;
				CLANG_ENABLE_OBJC_ARC = YES;
				CLANG_ENABLE_OBJC_WEAK = YES;
				CLANG_WARN_BLOCK_CAPTURE_AUTORELEASING = YES;
				CLANG_WARN_BOOL_CONVERSION = YES;
				CLANG_WARN_COMMA = YES;
				CLANG_WARN_CONSTANT_CONVERSION = YES;
				CLANG_WARN_DEPRECATED_OBJC_IMPLEMENTATIONS = YES;
				CLANG_WARN_DIRECT_OBJC_ISA_USAGE = YES_ERROR;
				CLANG_WARN_DOCUMENTATION_COMMENTS = YES;
				CLANG_WARN_EMPTY_BODY = YES;
				CLANG_WARN_ENUM_CONVERSION = YES;
				CLANG_WARN_INFINITE_RECURSION = YES;
				CLANG_WARN_INT_CONVERSION = YES;
				CLANG_WARN_NON_LITERAL_NULL_CONVERSION = YES;
				CLANG_WARN_OBJC_IMPLICIT_RETAIN_SELF = YES;
				CLANG_WARN_OBJC_LITERAL_CONVERSION = YES;
				CLANG_WARN_OBJC_ROOT_CLASS = YES_ERROR;
				CLANG_WARN_QUOTED_INCLUDE_IN_FRAMEWORK_HEADER = YES;
				CLANG_WARN_RANGE_LOOP_ANALYSIS = YES;
				CLANG_WARN_STRICT_PROTOTYPES = YES;
				CLANG_WARN_SUSPICIOUS_MOVE = YES;
				CLANG_WARN_UNGUARDED_AVAILABILITY = YES_AGGRESSIVE;
				CLANG_WARN_UNREACHABLE_CODE = YES;
				CLANG_WARN__DUPLICATE_METHOD_MATCH = YES;
				COPY_PHASE_STRIP = NO;
				DEBUG_INFORMATION_FORMAT = "dwarf-with-dsym";
				ENABLE_NS_ASSERTIONS = NO;
				ENABLE_STRICT_OBJC_MSGSEND = YES;
				ENABLE_USER_SCRIPT_SANDBOXING = YES;
				GCC_C_LANGUAGE_STANDARD = gnu17;
				GCC_NO_COMMON_BLOCKS = YES;
				GCC_WARN_64_TO_32_BIT_CONVERSION = YES;
				GCC_WARN_ABOUT_RETURN_TYPE = YES_ERROR;
				GCC_WARN_UNDECLARED_SELECTOR = YES;
				GCC_WARN_UNINITIALIZED_AUTOS = YES_AGGRESSIVE;
				GCC_WARN_UNUSED_FUNCTION = YES;
				GCC_WARN_UNUSED_VARIABLE = YES;
				IPHONEOS_DEPLOYMENT_TARGET = 17.0;
				LOCALIZATION_PREFERS_STRING_CATALOGS = YES;
				MTL_ENABLE_DEBUG_INFO = NO;
				MTL_FAST_MATH = YES;
				SDKROOT = iphoneos;
				SWIFT_COMPILATION_MODE = wholemodule;
				VALIDATE_PRODUCT = YES;
			};
			name = Release;
		};
		61E5E61D2B17E981005B3D03 /* Debug */ = {
			isa = XCBuildConfiguration;
			buildSettings = {
				ASSETCATALOG_COMPILER_APPICON_NAME = AppIcon;
				ASSETCATALOG_COMPILER_GLOBAL_ACCENT_COLOR_NAME = AccentColor;
				CODE_SIGN_STYLE = Automatic;
				CURRENT_PROJECT_VERSION = 1;
				DEVELOPMENT_ASSET_PATHS = "\"EcoFill/Preview Content\"";
				DEVELOPMENT_TEAM = 5C7T379SKG;
				ENABLE_PREVIEWS = YES;
				GENERATE_INFOPLIST_FILE = YES;
				INFOPLIST_KEY_NSLocationWhenInUseUsageDescription = "EcoFill requires your location to work.";
				INFOPLIST_KEY_UIApplicationSceneManifest_Generation = YES;
				INFOPLIST_KEY_UIApplicationSupportsIndirectInputEvents = YES;
				INFOPLIST_KEY_UILaunchScreen_Generation = YES;
				INFOPLIST_KEY_UISupportedInterfaceOrientations = UIInterfaceOrientationPortrait;
				INFOPLIST_KEY_UISupportedInterfaceOrientations_iPad = "UIInterfaceOrientationLandscapeLeft UIInterfaceOrientationLandscapeRight UIInterfaceOrientationPortrait UIInterfaceOrientationPortraitUpsideDown";
				IPHONEOS_DEPLOYMENT_TARGET = 17.0;
				LD_RUNPATH_SEARCH_PATHS = (
					"$(inherited)",
					"@executable_path/Frameworks",
				);
				MARKETING_VERSION = 1.0;
				PRODUCT_BUNDLE_IDENTIFIER = com.alexanderandrianov.EcoFill;
				PRODUCT_NAME = "$(TARGET_NAME)";
				SUPPORTED_PLATFORMS = "iphoneos iphonesimulator";
				SUPPORTS_MACCATALYST = NO;
				SUPPORTS_MAC_DESIGNED_FOR_IPHONE_IPAD = NO;
				SWIFT_EMIT_LOC_STRINGS = YES;
				SWIFT_VERSION = 5.0;
				TARGETED_DEVICE_FAMILY = 1;
			};
			name = Debug;
		};
		61E5E61E2B17E981005B3D03 /* Release */ = {
			isa = XCBuildConfiguration;
			buildSettings = {
				ASSETCATALOG_COMPILER_APPICON_NAME = AppIcon;
				ASSETCATALOG_COMPILER_GLOBAL_ACCENT_COLOR_NAME = AccentColor;
				CODE_SIGN_STYLE = Automatic;
				CURRENT_PROJECT_VERSION = 1;
				DEVELOPMENT_ASSET_PATHS = "\"EcoFill/Preview Content\"";
				DEVELOPMENT_TEAM = 5C7T379SKG;
				ENABLE_PREVIEWS = YES;
				GENERATE_INFOPLIST_FILE = YES;
				INFOPLIST_KEY_NSLocationWhenInUseUsageDescription = "EcoFill requires your location to work.";
				INFOPLIST_KEY_UIApplicationSceneManifest_Generation = YES;
				INFOPLIST_KEY_UIApplicationSupportsIndirectInputEvents = YES;
				INFOPLIST_KEY_UILaunchScreen_Generation = YES;
				INFOPLIST_KEY_UISupportedInterfaceOrientations = UIInterfaceOrientationPortrait;
				INFOPLIST_KEY_UISupportedInterfaceOrientations_iPad = "UIInterfaceOrientationLandscapeLeft UIInterfaceOrientationLandscapeRight UIInterfaceOrientationPortrait UIInterfaceOrientationPortraitUpsideDown";
				IPHONEOS_DEPLOYMENT_TARGET = 17.0;
				LD_RUNPATH_SEARCH_PATHS = (
					"$(inherited)",
					"@executable_path/Frameworks",
				);
				MARKETING_VERSION = 1.0;
				PRODUCT_BUNDLE_IDENTIFIER = com.alexanderandrianov.EcoFill;
				PRODUCT_NAME = "$(TARGET_NAME)";
				SUPPORTED_PLATFORMS = "iphoneos iphonesimulator";
				SUPPORTS_MACCATALYST = NO;
				SUPPORTS_MAC_DESIGNED_FOR_IPHONE_IPAD = NO;
				SWIFT_EMIT_LOC_STRINGS = YES;
				SWIFT_VERSION = 5.0;
				TARGETED_DEVICE_FAMILY = 1;
			};
			name = Release;
		};
/* End XCBuildConfiguration section */

/* Begin XCConfigurationList section */
		61E5E6092B17E981005B3D03 /* Build configuration list for PBXProject "EcoFill" */ = {
			isa = XCConfigurationList;
			buildConfigurations = (
				61E5E61A2B17E981005B3D03 /* Debug */,
				61E5E61B2B17E981005B3D03 /* Release */,
			);
			defaultConfigurationIsVisible = 0;
			defaultConfigurationName = Release;
		};
		61E5E61C2B17E981005B3D03 /* Build configuration list for PBXNativeTarget "EcoFill" */ = {
			isa = XCConfigurationList;
			buildConfigurations = (
				61E5E61D2B17E981005B3D03 /* Debug */,
				61E5E61E2B17E981005B3D03 /* Release */,
			);
			defaultConfigurationIsVisible = 0;
			defaultConfigurationName = Release;
		};
/* End XCConfigurationList section */

/* Begin XCRemoteSwiftPackageReference section */
		6105432C2B34BD0700CFC9DB /* XCRemoteSwiftPackageReference "firebase-ios-sdk" */ = {
			isa = XCRemoteSwiftPackageReference;
			repositoryURL = "https://github.com/firebase/firebase-ios-sdk";
			requirement = {
				kind = upToNextMajorVersion;
				minimumVersion = 10.19.1;
			};
		};
/* End XCRemoteSwiftPackageReference section */

/* Begin XCSwiftPackageProductDependency section */
		610543392B34BD0700CFC9DB /* FirebaseAuth */ = {
			isa = XCSwiftPackageProductDependency;
			package = 6105432C2B34BD0700CFC9DB /* XCRemoteSwiftPackageReference "firebase-ios-sdk" */;
			productName = FirebaseAuth;
		};
		6105433F2B34BD0700CFC9DB /* FirebaseDatabase */ = {
			isa = XCSwiftPackageProductDependency;
			package = 6105432C2B34BD0700CFC9DB /* XCRemoteSwiftPackageReference "firebase-ios-sdk" */;
			productName = FirebaseDatabase;
		};
		610543412B34BD0700CFC9DB /* FirebaseDatabaseSwift */ = {
			isa = XCSwiftPackageProductDependency;
			package = 6105432C2B34BD0700CFC9DB /* XCRemoteSwiftPackageReference "firebase-ios-sdk" */;
			productName = FirebaseDatabaseSwift;
		};
		610543452B34BD0700CFC9DB /* FirebaseFirestore */ = {
			isa = XCSwiftPackageProductDependency;
			package = 6105432C2B34BD0700CFC9DB /* XCRemoteSwiftPackageReference "firebase-ios-sdk" */;
			productName = FirebaseFirestore;
		};
		610543492B34BD0700CFC9DB /* FirebaseFirestoreSwift */ = {
			isa = XCSwiftPackageProductDependency;
			package = 6105432C2B34BD0700CFC9DB /* XCRemoteSwiftPackageReference "firebase-ios-sdk" */;
			productName = FirebaseFirestoreSwift;
		};
		6105435F2B34BD0700CFC9DB /* FirebaseStorage */ = {
			isa = XCSwiftPackageProductDependency;
			package = 6105432C2B34BD0700CFC9DB /* XCRemoteSwiftPackageReference "firebase-ios-sdk" */;
			productName = FirebaseStorage;
		};
/* End XCSwiftPackageProductDependency section */
	};
	rootObject = 61E5E6062B17E981005B3D03 /* Project object */;
}
