// !$*UTF8*$!
{
	archiveVersion = 1;
	classes = {
	};
	objectVersion = 56;
	objects = {

/* Begin PBXBuildFile section */
		32044B7F2C87E60300D90077 /* CityFuelsGrid.swift in Sources */ = {isa = PBXBuildFile; fileRef = 32044B7E2C87E60300D90077 /* CityFuelsGrid.swift */; };
		32144CBA2B81200E009C3081 /* FuelStackView.swift in Sources */ = {isa = PBXBuildFile; fileRef = 32144CB92B81200E009C3081 /* FuelStackView.swift */; };
		3231D5082CBD5A0000B50822 /* Poppins-Regular.ttf in Resources */ = {isa = PBXBuildFile; fileRef = 3231D5052CBD5A0000B50822 /* Poppins-Regular.ttf */; };
		3231D5092CBD5A0000B50822 /* Poppins-Bold.ttf in Resources */ = {isa = PBXBuildFile; fileRef = 3231D5062CBD5A0000B50822 /* Poppins-Bold.ttf */; };
		3231D50A2CBD5A0000B50822 /* Poppins-Medium.ttf in Resources */ = {isa = PBXBuildFile; fileRef = 3231D5072CBD5A0000B50822 /* Poppins-Medium.ttf */; };
		3242D11C2B728F04005BE4A3 /* Station.swift in Sources */ = {isa = PBXBuildFile; fileRef = 3242D11B2B728F04005BE4A3 /* Station.swift */; };
		329613982B7914DD00649CAC /* ColorThemeSelectionView.swift in Sources */ = {isa = PBXBuildFile; fileRef = 329613972B7914DD00649CAC /* ColorThemeSelectionView.swift */; };
		329CE1CD2CC043C20074557F /* Map+Extension.swift in Sources */ = {isa = PBXBuildFile; fileRef = 329CE1CC2CC043C20074557F /* Map+Extension.swift */; };
		329CE1D32CC047560074557F /* UIApplication+Extension.swift in Sources */ = {isa = PBXBuildFile; fileRef = 329CE1D22CC047560074557F /* UIApplication+Extension.swift */; };
		32A1F7172CA22FAD00999723 /* LocationManager.swift in Sources */ = {isa = PBXBuildFile; fileRef = 32A1F7162CA22FAD00999723 /* LocationManager.swift */; };
		32BCC2422B8424E800AE47D6 /* FuelStackCell.swift in Sources */ = {isa = PBXBuildFile; fileRef = 32BCC2412B8424E800AE47D6 /* FuelStackCell.swift */; };
		32D546B32C247DAF0074761A /* StationListCell.swift in Sources */ = {isa = PBXBuildFile; fileRef = 32D546B22C247DAF0074761A /* StationListCell.swift */; };
		32DF06DA2CC165D10073A6A4 /* TabBarView.swift in Sources */ = {isa = PBXBuildFile; fileRef = 32DF06D92CC165D10073A6A4 /* TabBarView.swift */; };
		32DF06DD2CC1748B0073A6A4 /* TabBarButton.swift in Sources */ = {isa = PBXBuildFile; fileRef = 32DF06DC2CC1748B0073A6A4 /* TabBarButton.swift */; };
		32DF06DF2CC181C60073A6A4 /* Tab.swift in Sources */ = {isa = PBXBuildFile; fileRef = 32DF06DE2CC181C60073A6A4 /* Tab.swift */; };
		32F4B5032B7A4ABF003EF8D3 /* StationListView.swift in Sources */ = {isa = PBXBuildFile; fileRef = 32F4B5022B7A4ABF003EF8D3 /* StationListView.swift */; };
		32F5578B2CBF6AD100CB3CA4 /* ListCell.swift in Sources */ = {isa = PBXBuildFile; fileRef = 32F5578A2CBF6AD100CB3CA4 /* ListCell.swift */; };
		32FA10352C890A9800F4C327 /* StationViewModel.swift in Sources */ = {isa = PBXBuildFile; fileRef = 32FA10342C890A9800F4C327 /* StationViewModel.swift */; };
		50BAC33C2D0290AA00CD052B /* Font+Extension.swift in Sources */ = {isa = PBXBuildFile; fileRef = 50BAC33B2D0290AA00CD052B /* Font+Extension.swift */; };
		6105433A2B34BD0700CFC9DB /* FirebaseAuth in Frameworks */ = {isa = PBXBuildFile; productRef = 610543392B34BD0700CFC9DB /* FirebaseAuth */; };
		610543462B34BD0700CFC9DB /* FirebaseFirestore in Frameworks */ = {isa = PBXBuildFile; productRef = 610543452B34BD0700CFC9DB /* FirebaseFirestore */; };
		6105434A2B34BD0700CFC9DB /* FirebaseFirestoreSwift in Frameworks */ = {isa = PBXBuildFile; productRef = 610543492B34BD0700CFC9DB /* FirebaseFirestoreSwift */; };
		610543672B34CB0400CFC9DB /* LoginScreen.swift in Sources */ = {isa = PBXBuildFile; fileRef = 610543662B34CB0400CFC9DB /* LoginScreen.swift */; };
		6105436C2B34E2FE00CFC9DB /* RegistrationScreen.swift in Sources */ = {isa = PBXBuildFile; fileRef = 6105436B2B34E2FE00CFC9DB /* RegistrationScreen.swift */; };
		611AD1292B1D3F3A00BD5EB7 /* Service.swift in Sources */ = {isa = PBXBuildFile; fileRef = 611AD1272B1D3F3A00BD5EB7 /* Service.swift */; };
		611AD1372B1D3F4800BD5EB7 /* MapItemView.swift in Sources */ = {isa = PBXBuildFile; fileRef = 611AD1322B1D3F4800BD5EB7 /* MapItemView.swift */; };
		61342F9F2B25DDB1000BE286 /* SupportScreen.swift in Sources */ = {isa = PBXBuildFile; fileRef = 61342F9E2B25DDB1000BE286 /* SupportScreen.swift */; };
		614314902B17F980009A1D9C /* HomeScreen.swift in Sources */ = {isa = PBXBuildFile; fileRef = 6143148F2B17F980009A1D9C /* HomeScreen.swift */; };
		614314922B17F98F009A1D9C /* MapScreen.swift in Sources */ = {isa = PBXBuildFile; fileRef = 614314912B17F98F009A1D9C /* MapScreen.swift */; };
		614314942B17F9A2009A1D9C /* SettingsScreen.swift in Sources */ = {isa = PBXBuildFile; fileRef = 614314932B17F9A2009A1D9C /* SettingsScreen.swift */; };
		61696B712B1F741F00406421 /* AppUser.swift in Sources */ = {isa = PBXBuildFile; fileRef = 61696B702B1F741F00406421 /* AppUser.swift */; };
		61696B742B1F74EE00406421 /* AlertManager.swift in Sources */ = {isa = PBXBuildFile; fileRef = 61696B732B1F74EE00406421 /* AlertManager.swift */; };
		6171A4462B1DD11800D22A23 /* QRCodeScreen.swift in Sources */ = {isa = PBXBuildFile; fileRef = 6171A4452B1DD11800D22A23 /* QRCodeScreen.swift */; };
		61E5E6122B17E981005B3D03 /* EcoFillApp.swift in Sources */ = {isa = PBXBuildFile; fileRef = 61E5E6112B17E981005B3D03 /* EcoFillApp.swift */; };
		61E5E6162B17E981005B3D03 /* Assets.xcassets in Resources */ = {isa = PBXBuildFile; fileRef = 61E5E6152B17E981005B3D03 /* Assets.xcassets */; };
		61E5E6192B17E981005B3D03 /* Preview Assets.xcassets in Resources */ = {isa = PBXBuildFile; fileRef = 61E5E6182B17E981005B3D03 /* Preview Assets.xcassets */; };
		D12920762E00A6CF003995A1 /* Localizable.xcstrings in Resources */ = {isa = PBXBuildFile; fileRef = D12920752E00A6CF003995A1 /* Localizable.xcstrings */; };
		D15499152D73D18300E6D407 /* InputFieldExtended.swift in Sources */ = {isa = PBXBuildFile; fileRef = D15499142D73D18300E6D407 /* InputFieldExtended.swift */; };
		D1549ABF2DD3E364003A16E8 /* InputContentType.swift in Sources */ = {isa = PBXBuildFile; fileRef = D1549ABE2DD3E364003A16E8 /* InputContentType.swift */; };
		D1549AC12DD3FE25003A16E8 /* View+Extension.swift in Sources */ = {isa = PBXBuildFile; fileRef = D1549AC02DD3FE25003A16E8 /* View+Extension.swift */; };
		D1549AC32DD40543003A16E8 /* City.swift in Sources */ = {isa = PBXBuildFile; fileRef = D1549AC22DD40543003A16E8 /* City.swift */; };
		D1549AC52DD4093E003A16E8 /* MockData.swift in Sources */ = {isa = PBXBuildFile; fileRef = D1549AC42DD4093E003A16E8 /* MockData.swift */; };
		D164CAED2D84593E00B769D9 /* ButtonLabel.swift in Sources */ = {isa = PBXBuildFile; fileRef = D164CAEC2D84593E00B769D9 /* ButtonLabel.swift */; };
		D164CAEF2D84595000B769D9 /* ButtonLabelWithIcon.swift in Sources */ = {isa = PBXBuildFile; fileRef = D164CAEE2D84595000B769D9 /* ButtonLabelWithIcon.swift */; };
		D17034512E0600A3007DFFCE /* FirebaseAuthService.swift in Sources */ = {isa = PBXBuildFile; fileRef = D17034502E0600A3007DFFCE /* FirebaseAuthService.swift */; };
		D17034552E060BAF007DFFCE /* FirestoreUserService.swift in Sources */ = {isa = PBXBuildFile; fileRef = D17034542E060BAF007DFFCE /* FirestoreUserService.swift */; };
		D175FAD72DFC963F002921B8 /* ProfileScreen.swift in Sources */ = {isa = PBXBuildFile; fileRef = D175FAD62DFC963F002921B8 /* ProfileScreen.swift */; };
		D175FAD92DFCA10F002921B8 /* ValidationService.swift in Sources */ = {isa = PBXBuildFile; fileRef = D175FAD82DFCA10F002921B8 /* ValidationService.swift */; };
		D175FADD2DFCA162002921B8 /* AboutTheDeveloperScreen.swift in Sources */ = {isa = PBXBuildFile; fileRef = D175FADC2DFCA162002921B8 /* AboutTheDeveloperScreen.swift */; };
		D175FADF2DFCDD4C002921B8 /* InputField.swift in Sources */ = {isa = PBXBuildFile; fileRef = D175FADE2DFCDD4C002921B8 /* InputField.swift */; };
		D189AB282E0D4B97008003AB /* SessionManager.swift in Sources */ = {isa = PBXBuildFile; fileRef = D189AB272E0D4B97008003AB /* SessionManager.swift */; };
		D18A97DC2DDAB14C0086B0F7 /* FirestoreStationService.swift in Sources */ = {isa = PBXBuildFile; fileRef = D18A97DB2DDAB14C0086B0F7 /* FirestoreStationService.swift */; };
		D18A97DE2DDAB63E0086B0F7 /* ListItem.swift in Sources */ = {isa = PBXBuildFile; fileRef = D18A97DD2DDAB63E0086B0F7 /* ListItem.swift */; };
		D190325F2E095661008CD802 /* LoginViewModel.swift in Sources */ = {isa = PBXBuildFile; fileRef = D190325E2E095661008CD802 /* LoginViewModel.swift */; };
		D19032612E095729008CD802 /* RegistrationViewModel.swift in Sources */ = {isa = PBXBuildFile; fileRef = D19032602E095729008CD802 /* RegistrationViewModel.swift */; };
		D19032652E095EC6008CD802 /* ProfileViewModel.swift in Sources */ = {isa = PBXBuildFile; fileRef = D19032642E095EC6008CD802 /* ProfileViewModel.swift */; };
		D1A4FE052D8F808900D49185 /* ResetPasswordScreen.swift in Sources */ = {isa = PBXBuildFile; fileRef = D1A4FE042D8F808900D49185 /* ResetPasswordScreen.swift */; };
		D1D0F20F2D8A9E6100A08307 /* QRScannerView.swift in Sources */ = {isa = PBXBuildFile; fileRef = D1D0F20E2D8A9E6100A08307 /* QRScannerView.swift */; };
		D1DD921E2E05B22D003F78FA /* CitySelectionView.swift in Sources */ = {isa = PBXBuildFile; fileRef = D1DD921D2E05B22D003F78FA /* CitySelectionView.swift */; };
		D1F5A54D2D60CCE400D57A9C /* GoogleService-Info.plist in Resources */ = {isa = PBXBuildFile; fileRef = D1F5A54C2D60CCE400D57A9C /* GoogleService-Info.plist */; };
		D1F71E562E0EF229001DAE52 /* SupportViewModel.swift in Sources */ = {isa = PBXBuildFile; fileRef = D1F71E552E0EF229001DAE52 /* SupportViewModel.swift */; };
		D1F71E582E0EF862001DAE52 /* QRCodeViewModel.swift in Sources */ = {isa = PBXBuildFile; fileRef = D1F71E572E0EF862001DAE52 /* QRCodeViewModel.swift */; };
		D1FA2C3E2E0DC8B20051AA70 /* RootView.swift in Sources */ = {isa = PBXBuildFile; fileRef = D1FA2C3D2E0DC8B20051AA70 /* RootView.swift */; };
		D1FFA9422D96163E00F9CB3B /* MapViewModel.swift in Sources */ = {isa = PBXBuildFile; fileRef = D1FFA9412D96163E00F9CB3B /* MapViewModel.swift */; };
		D1FFA9452D9617A100F9CB3B /* ChangeAppLanguageView.swift in Sources */ = {isa = PBXBuildFile; fileRef = D1FFA9442D9617A100F9CB3B /* ChangeAppLanguageView.swift */; };
/* End PBXBuildFile section */

/* Begin PBXFileReference section */
		32044B7E2C87E60300D90077 /* CityFuelsGrid.swift */ = {isa = PBXFileReference; lastKnownFileType = sourcecode.swift; path = CityFuelsGrid.swift; sourceTree = "<group>"; };
		32144CB92B81200E009C3081 /* FuelStackView.swift */ = {isa = PBXFileReference; lastKnownFileType = sourcecode.swift; path = FuelStackView.swift; sourceTree = "<group>"; };
		3231D5052CBD5A0000B50822 /* Poppins-Regular.ttf */ = {isa = PBXFileReference; lastKnownFileType = file; path = "Poppins-Regular.ttf"; sourceTree = "<group>"; };
		3231D5062CBD5A0000B50822 /* Poppins-Bold.ttf */ = {isa = PBXFileReference; lastKnownFileType = file; path = "Poppins-Bold.ttf"; sourceTree = "<group>"; };
		3231D5072CBD5A0000B50822 /* Poppins-Medium.ttf */ = {isa = PBXFileReference; lastKnownFileType = file; path = "Poppins-Medium.ttf"; sourceTree = "<group>"; };
		3242D11B2B728F04005BE4A3 /* Station.swift */ = {isa = PBXFileReference; lastKnownFileType = sourcecode.swift; path = Station.swift; sourceTree = "<group>"; };
		325EC5CE2B8504D30049C234 /* Info.plist */ = {isa = PBXFileReference; lastKnownFileType = text.plist.xml; path = Info.plist; sourceTree = "<group>"; };
		329613972B7914DD00649CAC /* ColorThemeSelectionView.swift */ = {isa = PBXFileReference; lastKnownFileType = sourcecode.swift; path = ColorThemeSelectionView.swift; sourceTree = "<group>"; };
		329CE1CC2CC043C20074557F /* Map+Extension.swift */ = {isa = PBXFileReference; lastKnownFileType = sourcecode.swift; path = "Map+Extension.swift"; sourceTree = "<group>"; };
		329CE1D22CC047560074557F /* UIApplication+Extension.swift */ = {isa = PBXFileReference; lastKnownFileType = sourcecode.swift; path = "UIApplication+Extension.swift"; sourceTree = "<group>"; };
		32A1F7162CA22FAD00999723 /* LocationManager.swift */ = {isa = PBXFileReference; lastKnownFileType = sourcecode.swift; path = LocationManager.swift; sourceTree = "<group>"; };
		32BCC2412B8424E800AE47D6 /* FuelStackCell.swift */ = {isa = PBXFileReference; lastKnownFileType = sourcecode.swift; path = FuelStackCell.swift; sourceTree = "<group>"; };
		32D546B22C247DAF0074761A /* StationListCell.swift */ = {isa = PBXFileReference; fileEncoding = 4; lastKnownFileType = sourcecode.swift; path = StationListCell.swift; sourceTree = "<group>"; };
		32DF06D92CC165D10073A6A4 /* TabBarView.swift */ = {isa = PBXFileReference; lastKnownFileType = sourcecode.swift; path = TabBarView.swift; sourceTree = "<group>"; };
		32DF06DC2CC1748B0073A6A4 /* TabBarButton.swift */ = {isa = PBXFileReference; lastKnownFileType = sourcecode.swift; path = TabBarButton.swift; sourceTree = "<group>"; };
		32DF06DE2CC181C60073A6A4 /* Tab.swift */ = {isa = PBXFileReference; lastKnownFileType = sourcecode.swift; path = Tab.swift; sourceTree = "<group>"; };
		32F4B5022B7A4ABF003EF8D3 /* StationListView.swift */ = {isa = PBXFileReference; lastKnownFileType = sourcecode.swift; path = StationListView.swift; sourceTree = "<group>"; };
		32F5578A2CBF6AD100CB3CA4 /* ListCell.swift */ = {isa = PBXFileReference; lastKnownFileType = sourcecode.swift; path = ListCell.swift; sourceTree = "<group>"; };
		32FA10342C890A9800F4C327 /* StationViewModel.swift */ = {isa = PBXFileReference; lastKnownFileType = sourcecode.swift; path = StationViewModel.swift; sourceTree = "<group>"; };
		50BAC33B2D0290AA00CD052B /* Font+Extension.swift */ = {isa = PBXFileReference; lastKnownFileType = sourcecode.swift; path = "Font+Extension.swift"; sourceTree = "<group>"; };
		610543662B34CB0400CFC9DB /* LoginScreen.swift */ = {isa = PBXFileReference; lastKnownFileType = sourcecode.swift; path = LoginScreen.swift; sourceTree = "<group>"; };
		6105436B2B34E2FE00CFC9DB /* RegistrationScreen.swift */ = {isa = PBXFileReference; lastKnownFileType = sourcecode.swift; path = RegistrationScreen.swift; sourceTree = "<group>"; };
		611AD1272B1D3F3A00BD5EB7 /* Service.swift */ = {isa = PBXFileReference; fileEncoding = 4; lastKnownFileType = sourcecode.swift; path = Service.swift; sourceTree = "<group>"; };
		611AD1322B1D3F4800BD5EB7 /* MapItemView.swift */ = {isa = PBXFileReference; fileEncoding = 4; lastKnownFileType = sourcecode.swift; path = MapItemView.swift; sourceTree = "<group>"; };
		61342F9E2B25DDB1000BE286 /* SupportScreen.swift */ = {isa = PBXFileReference; lastKnownFileType = sourcecode.swift; path = SupportScreen.swift; sourceTree = "<group>"; };
		6143148F2B17F980009A1D9C /* HomeScreen.swift */ = {isa = PBXFileReference; lastKnownFileType = sourcecode.swift; path = HomeScreen.swift; sourceTree = "<group>"; };
		614314912B17F98F009A1D9C /* MapScreen.swift */ = {isa = PBXFileReference; lastKnownFileType = sourcecode.swift; path = MapScreen.swift; sourceTree = "<group>"; };
		614314932B17F9A2009A1D9C /* SettingsScreen.swift */ = {isa = PBXFileReference; lastKnownFileType = sourcecode.swift; path = SettingsScreen.swift; sourceTree = "<group>"; };
		61696B702B1F741F00406421 /* AppUser.swift */ = {isa = PBXFileReference; lastKnownFileType = sourcecode.swift; path = AppUser.swift; sourceTree = "<group>"; };
		61696B732B1F74EE00406421 /* AlertManager.swift */ = {isa = PBXFileReference; lastKnownFileType = sourcecode.swift; path = AlertManager.swift; sourceTree = "<group>"; };
		6171A4452B1DD11800D22A23 /* QRCodeScreen.swift */ = {isa = PBXFileReference; lastKnownFileType = sourcecode.swift; path = QRCodeScreen.swift; sourceTree = "<group>"; };
		61E5E60E2B17E981005B3D03 /* EcoFill.app */ = {isa = PBXFileReference; explicitFileType = wrapper.application; includeInIndex = 0; path = EcoFill.app; sourceTree = BUILT_PRODUCTS_DIR; };
		61E5E6112B17E981005B3D03 /* EcoFillApp.swift */ = {isa = PBXFileReference; lastKnownFileType = sourcecode.swift; path = EcoFillApp.swift; sourceTree = "<group>"; };
		61E5E6152B17E981005B3D03 /* Assets.xcassets */ = {isa = PBXFileReference; lastKnownFileType = folder.assetcatalog; path = Assets.xcassets; sourceTree = "<group>"; };
		61E5E6182B17E981005B3D03 /* Preview Assets.xcassets */ = {isa = PBXFileReference; lastKnownFileType = folder.assetcatalog; path = "Preview Assets.xcassets"; sourceTree = "<group>"; };
		D12920752E00A6CF003995A1 /* Localizable.xcstrings */ = {isa = PBXFileReference; lastKnownFileType = text.json.xcstrings; path = Localizable.xcstrings; sourceTree = "<group>"; };
		D15499142D73D18300E6D407 /* InputFieldExtended.swift */ = {isa = PBXFileReference; lastKnownFileType = sourcecode.swift; path = InputFieldExtended.swift; sourceTree = "<group>"; };
		D1549ABE2DD3E364003A16E8 /* InputContentType.swift */ = {isa = PBXFileReference; lastKnownFileType = sourcecode.swift; path = InputContentType.swift; sourceTree = "<group>"; };
		D1549AC02DD3FE25003A16E8 /* View+Extension.swift */ = {isa = PBXFileReference; lastKnownFileType = sourcecode.swift; path = "View+Extension.swift"; sourceTree = "<group>"; };
		D1549AC22DD40543003A16E8 /* City.swift */ = {isa = PBXFileReference; lastKnownFileType = sourcecode.swift; path = City.swift; sourceTree = "<group>"; };
		D1549AC42DD4093E003A16E8 /* MockData.swift */ = {isa = PBXFileReference; lastKnownFileType = sourcecode.swift; path = MockData.swift; sourceTree = "<group>"; };
		D164CAEC2D84593E00B769D9 /* ButtonLabel.swift */ = {isa = PBXFileReference; lastKnownFileType = sourcecode.swift; path = ButtonLabel.swift; sourceTree = "<group>"; };
		D164CAEE2D84595000B769D9 /* ButtonLabelWithIcon.swift */ = {isa = PBXFileReference; lastKnownFileType = sourcecode.swift; path = ButtonLabelWithIcon.swift; sourceTree = "<group>"; };
		D17034502E0600A3007DFFCE /* FirebaseAuthService.swift */ = {isa = PBXFileReference; lastKnownFileType = sourcecode.swift; path = FirebaseAuthService.swift; sourceTree = "<group>"; };
		D17034542E060BAF007DFFCE /* FirestoreUserService.swift */ = {isa = PBXFileReference; lastKnownFileType = sourcecode.swift; path = FirestoreUserService.swift; sourceTree = "<group>"; };
		D175FAD62DFC963F002921B8 /* ProfileScreen.swift */ = {isa = PBXFileReference; lastKnownFileType = sourcecode.swift; path = ProfileScreen.swift; sourceTree = "<group>"; };
		D175FAD82DFCA10F002921B8 /* ValidationService.swift */ = {isa = PBXFileReference; lastKnownFileType = sourcecode.swift; path = ValidationService.swift; sourceTree = "<group>"; };
		D175FADC2DFCA162002921B8 /* AboutTheDeveloperScreen.swift */ = {isa = PBXFileReference; lastKnownFileType = sourcecode.swift; path = AboutTheDeveloperScreen.swift; sourceTree = "<group>"; };
		D175FADE2DFCDD4C002921B8 /* InputField.swift */ = {isa = PBXFileReference; lastKnownFileType = sourcecode.swift; path = InputField.swift; sourceTree = "<group>"; };
		D189AB272E0D4B97008003AB /* SessionManager.swift */ = {isa = PBXFileReference; lastKnownFileType = sourcecode.swift; path = SessionManager.swift; sourceTree = "<group>"; };
		D18A97DB2DDAB14C0086B0F7 /* FirestoreStationService.swift */ = {isa = PBXFileReference; lastKnownFileType = sourcecode.swift; path = FirestoreStationService.swift; sourceTree = "<group>"; };
		D18A97DD2DDAB63E0086B0F7 /* ListItem.swift */ = {isa = PBXFileReference; lastKnownFileType = sourcecode.swift; path = ListItem.swift; sourceTree = "<group>"; };
		D190325E2E095661008CD802 /* LoginViewModel.swift */ = {isa = PBXFileReference; lastKnownFileType = sourcecode.swift; path = LoginViewModel.swift; sourceTree = "<group>"; };
		D19032602E095729008CD802 /* RegistrationViewModel.swift */ = {isa = PBXFileReference; lastKnownFileType = sourcecode.swift; path = RegistrationViewModel.swift; sourceTree = "<group>"; };
		D19032642E095EC6008CD802 /* ProfileViewModel.swift */ = {isa = PBXFileReference; lastKnownFileType = sourcecode.swift; path = ProfileViewModel.swift; sourceTree = "<group>"; };
		D1A4FE042D8F808900D49185 /* ResetPasswordScreen.swift */ = {isa = PBXFileReference; lastKnownFileType = sourcecode.swift; path = ResetPasswordScreen.swift; sourceTree = "<group>"; };
		D1D0F20E2D8A9E6100A08307 /* QRScannerView.swift */ = {isa = PBXFileReference; lastKnownFileType = sourcecode.swift; path = QRScannerView.swift; sourceTree = "<group>"; };
		D1DD921D2E05B22D003F78FA /* CitySelectionView.swift */ = {isa = PBXFileReference; lastKnownFileType = sourcecode.swift; path = CitySelectionView.swift; sourceTree = "<group>"; };
		D1F5A54C2D60CCE400D57A9C /* GoogleService-Info.plist */ = {isa = PBXFileReference; lastKnownFileType = text.plist.xml; path = "GoogleService-Info.plist"; sourceTree = "<group>"; };
		D1F71E552E0EF229001DAE52 /* SupportViewModel.swift */ = {isa = PBXFileReference; lastKnownFileType = sourcecode.swift; path = SupportViewModel.swift; sourceTree = "<group>"; };
		D1F71E572E0EF862001DAE52 /* QRCodeViewModel.swift */ = {isa = PBXFileReference; lastKnownFileType = sourcecode.swift; path = QRCodeViewModel.swift; sourceTree = "<group>"; };
		D1FA2C3D2E0DC8B20051AA70 /* RootView.swift */ = {isa = PBXFileReference; lastKnownFileType = sourcecode.swift; path = RootView.swift; sourceTree = "<group>"; };
		D1FFA9412D96163E00F9CB3B /* MapViewModel.swift */ = {isa = PBXFileReference; lastKnownFileType = sourcecode.swift; path = MapViewModel.swift; sourceTree = "<group>"; };
		D1FFA9442D9617A100F9CB3B /* ChangeAppLanguageView.swift */ = {isa = PBXFileReference; lastKnownFileType = sourcecode.swift; path = ChangeAppLanguageView.swift; sourceTree = "<group>"; };
/* End PBXFileReference section */

/* Begin PBXFrameworksBuildPhase section */
		61E5E60B2B17E981005B3D03 /* Frameworks */ = {
			isa = PBXFrameworksBuildPhase;
			buildActionMask = 2147483647;
			files = (
				610543462B34BD0700CFC9DB /* FirebaseFirestore in Frameworks */,
				6105434A2B34BD0700CFC9DB /* FirebaseFirestoreSwift in Frameworks */,
				6105433A2B34BD0700CFC9DB /* FirebaseAuth in Frameworks */,
			);
			runOnlyForDeploymentPostprocessing = 0;
		};
/* End PBXFrameworksBuildPhase section */

/* Begin PBXGroup section */
		323959772C82829200599876 /* App */ = {
			isa = PBXGroup;
			children = (
				61E5E6112B17E981005B3D03 /* EcoFillApp.swift */,
				D1F5A54C2D60CCE400D57A9C /* GoogleService-Info.plist */,
				325EC5CE2B8504D30049C234 /* Info.plist */,
			);
			path = App;
			sourceTree = "<group>";
		};
		323959812C82A61D00599876 /* Resources */ = {
			isa = PBXGroup;
			children = (
				D1E0B3042D96BEC500C40242 /* Localization */,
				323959842C82B3CE00599876 /* Fonts */,
				61E5E6152B17E981005B3D03 /* Assets.xcassets */,
				61E5E6182B17E981005B3D03 /* Preview Assets.xcassets */,
			);
			path = Resources;
			sourceTree = "<group>";
		};
		323959842C82B3CE00599876 /* Fonts */ = {
			isa = PBXGroup;
			children = (
				3231D5062CBD5A0000B50822 /* Poppins-Bold.ttf */,
				3231D5072CBD5A0000B50822 /* Poppins-Medium.ttf */,
				3231D5052CBD5A0000B50822 /* Poppins-Regular.ttf */,
			);
			path = Fonts;
			sourceTree = "<group>";
		};
		32A1F7152CA22F9E00999723 /* Managers */ = {
			isa = PBXGroup;
			children = (
				D189AB272E0D4B97008003AB /* SessionManager.swift */,
				32A1F7162CA22FAD00999723 /* LocationManager.swift */,
				61696B732B1F74EE00406421 /* AlertManager.swift */,
			);
			path = Managers;
			sourceTree = "<group>";
		};
		32DF06DB2CC174770073A6A4 /* TabBar */ = {
			isa = PBXGroup;
			children = (
				32DF06D92CC165D10073A6A4 /* TabBarView.swift */,
				32DF06DC2CC1748B0073A6A4 /* TabBarButton.swift */,
				32DF06DE2CC181C60073A6A4 /* Tab.swift */,
			);
			path = TabBar;
			sourceTree = "<group>";
		};
		611AD1252B1D3F3A00BD5EB7 /* Models */ = {
			isa = PBXGroup;
			children = (
				61696B702B1F741F00406421 /* AppUser.swift */,
				3242D11B2B728F04005BE4A3 /* Station.swift */,
				D1549AC42DD4093E003A16E8 /* MockData.swift */,
				D1549AC22DD40543003A16E8 /* City.swift */,
				611AD1272B1D3F3A00BD5EB7 /* Service.swift */,
			);
			path = Models;
			sourceTree = "<group>";
		};
		61E5E6052B17E981005B3D03 = {
			isa = PBXGroup;
			children = (
				61E5E6102B17E981005B3D03 /* EcoFill */,
				61E5E60F2B17E981005B3D03 /* Products */,
			);
			sourceTree = "<group>";
		};
		61E5E60F2B17E981005B3D03 /* Products */ = {
			isa = PBXGroup;
			children = (
				61E5E60E2B17E981005B3D03 /* EcoFill.app */,
			);
			name = Products;
			sourceTree = "<group>";
		};
		61E5E6102B17E981005B3D03 /* EcoFill */ = {
			isa = PBXGroup;
			children = (
				323959772C82829200599876 /* App */,
				D15EC3652D948D86001AACE6 /* Core */,
				611AD1252B1D3F3A00BD5EB7 /* Models */,
				D15EC35F2D947B7E001AACE6 /* Services */,
				D15EC36D2D948EA4001AACE6 /* Features */,
				D15EC36A2D948E24001AACE6 /* Components */,
				323959812C82A61D00599876 /* Resources */,
			);
			path = EcoFill;
			sourceTree = "<group>";
		};
		D15876A82E06F56900E1A9C4 /* Authentication */ = {
			isa = PBXGroup;
			children = (
				D15876AA2E06F58B00E1A9C4 /* Views */,
				D15876A92E06F57F00E1A9C4 /* ViewModels */,
			);
			path = Authentication;
			sourceTree = "<group>";
		};
		D15876A92E06F57F00E1A9C4 /* ViewModels */ = {
			isa = PBXGroup;
			children = (
				D190325E2E095661008CD802 /* LoginViewModel.swift */,
				D19032602E095729008CD802 /* RegistrationViewModel.swift */,
			);
			path = ViewModels;
			sourceTree = "<group>";
		};
		D15876AA2E06F58B00E1A9C4 /* Views */ = {
			isa = PBXGroup;
			children = (
				610543662B34CB0400CFC9DB /* LoginScreen.swift */,
				6105436B2B34E2FE00CFC9DB /* RegistrationScreen.swift */,
				D1A4FE042D8F808900D49185 /* ResetPasswordScreen.swift */,
			);
			path = Views;
			sourceTree = "<group>";
		};
		D15E54CB2D611EB60041F9A2 /* FuelStack */ = {
			isa = PBXGroup;
			children = (
				32BCC2412B8424E800AE47D6 /* FuelStackCell.swift */,
				32144CB92B81200E009C3081 /* FuelStackView.swift */,
			);
			path = FuelStack;
			sourceTree = "<group>";
		};
		D15EC35F2D947B7E001AACE6 /* Services */ = {
			isa = PBXGroup;
			children = (
				D17034502E0600A3007DFFCE /* FirebaseAuthService.swift */,
				D17034542E060BAF007DFFCE /* FirestoreUserService.swift */,
				D18A97DB2DDAB14C0086B0F7 /* FirestoreStationService.swift */,
				D175FAD82DFCA10F002921B8 /* ValidationService.swift */,
			);
			path = Services;
			sourceTree = "<group>";
		};
		D15EC3652D948D86001AACE6 /* Core */ = {
			isa = PBXGroup;
			children = (
				D15EC3672D948DA0001AACE6 /* Extensions */,
				32A1F7152CA22F9E00999723 /* Managers */,
			);
			path = Core;
			sourceTree = "<group>";
		};
		D15EC3672D948DA0001AACE6 /* Extensions */ = {
			isa = PBXGroup;
			children = (
				329CE1CC2CC043C20074557F /* Map+Extension.swift */,
				50BAC33B2D0290AA00CD052B /* Font+Extension.swift */,
				329CE1D22CC047560074557F /* UIApplication+Extension.swift */,
				D1549AC02DD3FE25003A16E8 /* View+Extension.swift */,
			);
			path = Extensions;
			sourceTree = "<group>";
		};
		D15EC36A2D948E24001AACE6 /* Components */ = {
			isa = PBXGroup;
			children = (
				D1DD921F2E05BD00003F78FA /* Selections */,
				D15EC36C2D948E7F001AACE6 /* Cells */,
				D15EC36B2D948E3F001AACE6 /* Inputs */,
				D164CAEB2D84591A00B769D9 /* Labels */,
				32DF06DB2CC174770073A6A4 /* TabBar */,
				D15E54CB2D611EB60041F9A2 /* FuelStack */,
			);
			path = Components;
			sourceTree = "<group>";
		};
		D15EC36B2D948E3F001AACE6 /* Inputs */ = {
			isa = PBXGroup;
			children = (
				D175FADE2DFCDD4C002921B8 /* InputField.swift */,
				D15499142D73D18300E6D407 /* InputFieldExtended.swift */,
				D1549ABE2DD3E364003A16E8 /* InputContentType.swift */,
			);
			path = Inputs;
			sourceTree = "<group>";
		};
		D15EC36C2D948E7F001AACE6 /* Cells */ = {
			isa = PBXGroup;
			children = (
				32F5578A2CBF6AD100CB3CA4 /* ListCell.swift */,
				D18A97DD2DDAB63E0086B0F7 /* ListItem.swift */,
			);
			path = Cells;
			sourceTree = "<group>";
		};
		D15EC36D2D948EA4001AACE6 /* Features */ = {
			isa = PBXGroup;
			children = (
				D1FA2C3F2E0DCC2E0051AA70 /* Root */,
				D15876A82E06F56900E1A9C4 /* Authentication */,
				D15EC37A2D948FA4001AACE6 /* Home */,
				D15EC3742D948EEF001AACE6 /* Map */,
				D15EC3752D948EF5001AACE6 /* Settings */,
				D1FA2C402E0DCC590051AA70 /* Profile */,
			);
			path = Features;
			sourceTree = "<group>";
		};
		D15EC3742D948EEF001AACE6 /* Map */ = {
			isa = PBXGroup;
			children = (
				D15EC3772D948F0B001AACE6 /* Views */,
				D15EC3762D948F04001AACE6 /* ViewModels */,
			);
			path = Map;
			sourceTree = "<group>";
		};
		D15EC3752D948EF5001AACE6 /* Settings */ = {
			isa = PBXGroup;
			children = (
				D15EC3792D948F16001AACE6 /* Views */,
			);
			path = Settings;
			sourceTree = "<group>";
		};
		D15EC3762D948F04001AACE6 /* ViewModels */ = {
			isa = PBXGroup;
			children = (
				D1FFA9412D96163E00F9CB3B /* MapViewModel.swift */,
				32FA10342C890A9800F4C327 /* StationViewModel.swift */,
			);
			path = ViewModels;
			sourceTree = "<group>";
		};
		D15EC3772D948F0B001AACE6 /* Views */ = {
			isa = PBXGroup;
			children = (
				614314912B17F98F009A1D9C /* MapScreen.swift */,
				611AD1322B1D3F4800BD5EB7 /* MapItemView.swift */,
				32F4B5022B7A4ABF003EF8D3 /* StationListView.swift */,
				32D546B22C247DAF0074761A /* StationListCell.swift */,
			);
			path = Views;
			sourceTree = "<group>";
		};
		D15EC3792D948F16001AACE6 /* Views */ = {
			isa = PBXGroup;
			children = (
				614314932B17F9A2009A1D9C /* SettingsScreen.swift */,
				D175FADC2DFCA162002921B8 /* AboutTheDeveloperScreen.swift */,
				D1FFA9442D9617A100F9CB3B /* ChangeAppLanguageView.swift */,
			);
			path = Views;
			sourceTree = "<group>";
		};
		D15EC37A2D948FA4001AACE6 /* Home */ = {
			isa = PBXGroup;
			children = (
				D15EC37B2D948FAE001AACE6 /* Views */,
				D1F71E542E0EF212001DAE52 /* ViewModels */,
			);
			path = Home;
			sourceTree = "<group>";
		};
		D15EC37B2D948FAE001AACE6 /* Views */ = {
			isa = PBXGroup;
			children = (
				6143148F2B17F980009A1D9C /* HomeScreen.swift */,
				32044B7E2C87E60300D90077 /* CityFuelsGrid.swift */,
				61342F9E2B25DDB1000BE286 /* SupportScreen.swift */,
				6171A4452B1DD11800D22A23 /* QRCodeScreen.swift */,
				D1D0F20E2D8A9E6100A08307 /* QRScannerView.swift */,
			);
			path = Views;
			sourceTree = "<group>";
		};
		D164CAEB2D84591A00B769D9 /* Labels */ = {
			isa = PBXGroup;
			children = (
				D164CAEC2D84593E00B769D9 /* ButtonLabel.swift */,
				D164CAEE2D84595000B769D9 /* ButtonLabelWithIcon.swift */,
			);
			path = Labels;
			sourceTree = "<group>";
		};
		D1DD921F2E05BD00003F78FA /* Selections */ = {
			isa = PBXGroup;
			children = (
				D1DD921D2E05B22D003F78FA /* CitySelectionView.swift */,
				329613972B7914DD00649CAC /* ColorThemeSelectionView.swift */,
			);
			path = Selections;
			sourceTree = "<group>";
		};
		D1E0B3042D96BEC500C40242 /* Localization */ = {
			isa = PBXGroup;
			children = (
				D12920752E00A6CF003995A1 /* Localizable.xcstrings */,
			);
			path = Localization;
			sourceTree = "<group>";
		};
		D1F71E542E0EF212001DAE52 /* ViewModels */ = {
			isa = PBXGroup;
			children = (
				D1F71E572E0EF862001DAE52 /* QRCodeViewModel.swift */,
				D1F71E552E0EF229001DAE52 /* SupportViewModel.swift */,
			);
			path = ViewModels;
			sourceTree = "<group>";
		};
		D1FA2C3F2E0DCC2E0051AA70 /* Root */ = {
			isa = PBXGroup;
			children = (
				D1FA2C3D2E0DC8B20051AA70 /* RootView.swift */,
			);
			path = Root;
			sourceTree = "<group>";
		};
		D1FA2C402E0DCC590051AA70 /* Profile */ = {
			isa = PBXGroup;
			children = (
				D1FA2C412E0DCC6D0051AA70 /* Views */,
				D1FA2C422E0DCC780051AA70 /* ViewModels */,
			);
			path = Profile;
			sourceTree = "<group>";
		};
		D1FA2C412E0DCC6D0051AA70 /* Views */ = {
			isa = PBXGroup;
			children = (
				D175FAD62DFC963F002921B8 /* ProfileScreen.swift */,
			);
			path = Views;
			sourceTree = "<group>";
		};
		D1FA2C422E0DCC780051AA70 /* ViewModels */ = {
			isa = PBXGroup;
			children = (
				D19032642E095EC6008CD802 /* ProfileViewModel.swift */,
			);
			path = ViewModels;
			sourceTree = "<group>";
		};
/* End PBXGroup section */

/* Begin PBXNativeTarget section */
		61E5E60D2B17E981005B3D03 /* EcoFill */ = {
			isa = PBXNativeTarget;
			buildConfigurationList = 61E5E61C2B17E981005B3D03 /* Build configuration list for PBXNativeTarget "EcoFill" */;
			buildPhases = (
				61E5E60A2B17E981005B3D03 /* Sources */,
				61E5E60B2B17E981005B3D03 /* Frameworks */,
				61E5E60C2B17E981005B3D03 /* Resources */,
			);
			buildRules = (
			);
			dependencies = (
			);
			name = EcoFill;
			packageProductDependencies = (
				610543392B34BD0700CFC9DB /* FirebaseAuth */,
				610543452B34BD0700CFC9DB /* FirebaseFirestore */,
				610543492B34BD0700CFC9DB /* FirebaseFirestoreSwift */,
			);
			productName = EcoFill;
			productReference = 61E5E60E2B17E981005B3D03 /* EcoFill.app */;
			productType = "com.apple.product-type.application";
		};
/* End PBXNativeTarget section */

/* Begin PBXProject section */
		61E5E6062B17E981005B3D03 /* Project object */ = {
			isa = PBXProject;
			attributes = {
				BuildIndependentTargetsInParallel = 1;
				LastSwiftUpdateCheck = 1500;
				LastUpgradeCheck = 1500;
				TargetAttributes = {
					61E5E60D2B17E981005B3D03 = {
						CreatedOnToolsVersion = 15.0.1;
					};
				};
			};
			buildConfigurationList = 61E5E6092B17E981005B3D03 /* Build configuration list for PBXProject "EcoFill" */;
			compatibilityVersion = "Xcode 14.0";
			developmentRegion = en;
			hasScannedForEncodings = 0;
			knownRegions = (
				en,
				Base,
				uk,
			);
			mainGroup = 61E5E6052B17E981005B3D03;
			packageReferences = (
				6105432C2B34BD0700CFC9DB /* XCRemoteSwiftPackageReference "firebase-ios-sdk" */,
			);
			productRefGroup = 61E5E60F2B17E981005B3D03 /* Products */;
			projectDirPath = "";
			projectRoot = "";
			targets = (
				61E5E60D2B17E981005B3D03 /* EcoFill */,
			);
		};
/* End PBXProject section */

/* Begin PBXResourcesBuildPhase section */
		61E5E60C2B17E981005B3D03 /* Resources */ = {
			isa = PBXResourcesBuildPhase;
			buildActionMask = 2147483647;
			files = (
				3231D5092CBD5A0000B50822 /* Poppins-Bold.ttf in Resources */,
				61E5E6192B17E981005B3D03 /* Preview Assets.xcassets in Resources */,
				D12920762E00A6CF003995A1 /* Localizable.xcstrings in Resources */,
				61E5E6162B17E981005B3D03 /* Assets.xcassets in Resources */,
				3231D5082CBD5A0000B50822 /* Poppins-Regular.ttf in Resources */,
				3231D50A2CBD5A0000B50822 /* Poppins-Medium.ttf in Resources */,
				D1F5A54D2D60CCE400D57A9C /* GoogleService-Info.plist in Resources */,
			);
			runOnlyForDeploymentPostprocessing = 0;
		};
/* End PBXResourcesBuildPhase section */

/* Begin PBXSourcesBuildPhase section */
		61E5E60A2B17E981005B3D03 /* Sources */ = {
			isa = PBXSourcesBuildPhase;
			buildActionMask = 2147483647;
			files = (
				61342F9F2B25DDB1000BE286 /* SupportScreen.swift in Sources */,
				D1A4FE052D8F808900D49185 /* ResetPasswordScreen.swift in Sources */,
				32F4B5032B7A4ABF003EF8D3 /* StationListView.swift in Sources */,
				D17034512E0600A3007DFFCE /* FirebaseAuthService.swift in Sources */,
				614314922B17F98F009A1D9C /* MapScreen.swift in Sources */,
				D18A97DC2DDAB14C0086B0F7 /* FirestoreStationService.swift in Sources */,
				D175FAD72DFC963F002921B8 /* ProfileScreen.swift in Sources */,
				D190325F2E095661008CD802 /* LoginViewModel.swift in Sources */,
				32FA10352C890A9800F4C327 /* StationViewModel.swift in Sources */,
				610543672B34CB0400CFC9DB /* LoginScreen.swift in Sources */,
				6105436C2B34E2FE00CFC9DB /* RegistrationScreen.swift in Sources */,
				D1F71E582E0EF862001DAE52 /* QRCodeViewModel.swift in Sources */,
				611AD1292B1D3F3A00BD5EB7 /* Service.swift in Sources */,
				611AD1372B1D3F4800BD5EB7 /* MapItemView.swift in Sources */,
				32D546B32C247DAF0074761A /* StationListCell.swift in Sources */,
				D1DD921E2E05B22D003F78FA /* CitySelectionView.swift in Sources */,
				614314902B17F980009A1D9C /* HomeScreen.swift in Sources */,
				32044B7F2C87E60300D90077 /* CityFuelsGrid.swift in Sources */,
				61696B742B1F74EE00406421 /* AlertManager.swift in Sources */,
				6171A4462B1DD11800D22A23 /* QRCodeScreen.swift in Sources */,
				32DF06DF2CC181C60073A6A4 /* Tab.swift in Sources */,
				D175FADD2DFCA162002921B8 /* AboutTheDeveloperScreen.swift in Sources */,
				32DF06DA2CC165D10073A6A4 /* TabBarView.swift in Sources */,
				D175FADF2DFCDD4C002921B8 /* InputField.swift in Sources */,
				D15499152D73D18300E6D407 /* InputFieldExtended.swift in Sources */,
				D17034552E060BAF007DFFCE /* FirestoreUserService.swift in Sources */,
				D1FFA9422D96163E00F9CB3B /* MapViewModel.swift in Sources */,
				D164CAED2D84593E00B769D9 /* ButtonLabel.swift in Sources */,
				D19032652E095EC6008CD802 /* ProfileViewModel.swift in Sources */,
				D1549AC32DD40543003A16E8 /* City.swift in Sources */,
				D1549AC52DD4093E003A16E8 /* MockData.swift in Sources */,
				D19032612E095729008CD802 /* RegistrationViewModel.swift in Sources */,
				D1D0F20F2D8A9E6100A08307 /* QRScannerView.swift in Sources */,
				D1FFA9452D9617A100F9CB3B /* ChangeAppLanguageView.swift in Sources */,
				D1549ABF2DD3E364003A16E8 /* InputContentType.swift in Sources */,
				D1549AC12DD3FE25003A16E8 /* View+Extension.swift in Sources */,
				32DF06DD2CC1748B0073A6A4 /* TabBarButton.swift in Sources */,
				D18A97DE2DDAB63E0086B0F7 /* ListItem.swift in Sources */,
				D1FA2C3E2E0DC8B20051AA70 /* RootView.swift in Sources */,
				D189AB282E0D4B97008003AB /* SessionManager.swift in Sources */,
				D175FAD92DFCA10F002921B8 /* ValidationService.swift in Sources */,
				32BCC2422B8424E800AE47D6 /* FuelStackCell.swift in Sources */,
				32144CBA2B81200E009C3081 /* FuelStackView.swift in Sources */,
				32A1F7172CA22FAD00999723 /* LocationManager.swift in Sources */,
				329613982B7914DD00649CAC /* ColorThemeSelectionView.swift in Sources */,
				61E5E6122B17E981005B3D03 /* EcoFillApp.swift in Sources */,
				50BAC33C2D0290AA00CD052B /* Font+Extension.swift in Sources */,
				D164CAEF2D84595000B769D9 /* ButtonLabelWithIcon.swift in Sources */,
				3242D11C2B728F04005BE4A3 /* Station.swift in Sources */,
				32F5578B2CBF6AD100CB3CA4 /* ListCell.swift in Sources */,
				329CE1CD2CC043C20074557F /* Map+Extension.swift in Sources */,
				329CE1D32CC047560074557F /* UIApplication+Extension.swift in Sources */,
				614314942B17F9A2009A1D9C /* SettingsScreen.swift in Sources */,
				D1F71E562E0EF229001DAE52 /* SupportViewModel.swift in Sources */,
				61696B712B1F741F00406421 /* AppUser.swift in Sources */,
			);
			runOnlyForDeploymentPostprocessing = 0;
		};
/* End PBXSourcesBuildPhase section */

/* Begin XCBuildConfiguration section */
		61E5E61A2B17E981005B3D03 /* Debug */ = {
			isa = XCBuildConfiguration;
			buildSettings = {
				ALWAYS_SEARCH_USER_PATHS = NO;
				ASSETCATALOG_COMPILER_GENERATE_SWIFT_ASSET_SYMBOL_EXTENSIONS = YES;
				CLANG_ANALYZER_NONNULL = YES;
				CLANG_ANALYZER_NUMBER_OBJECT_CONVERSION = YES_AGGRESSIVE;
				CLANG_CXX_LANGUAGE_STANDARD = "gnu++20";
				CLANG_ENABLE_MODULES = YES;
				CLANG_ENABLE_OBJC_ARC = YES;
				CLANG_ENABLE_OBJC_WEAK = YES;
				CLANG_WARN_BLOCK_CAPTURE_AUTORELEASING = YES;
				CLANG_WARN_BOOL_CONVERSION = YES;
				CLANG_WARN_COMMA = YES;
				CLANG_WARN_CONSTANT_CONVERSION = YES;
				CLANG_WARN_DEPRECATED_OBJC_IMPLEMENTATIONS = YES;
				CLANG_WARN_DIRECT_OBJC_ISA_USAGE = YES_ERROR;
				CLANG_WARN_DOCUMENTATION_COMMENTS = YES;
				CLANG_WARN_EMPTY_BODY = YES;
				CLANG_WARN_ENUM_CONVERSION = YES;
				CLANG_WARN_INFINITE_RECURSION = YES;
				CLANG_WARN_INT_CONVERSION = YES;
				CLANG_WARN_NON_LITERAL_NULL_CONVERSION = YES;
				CLANG_WARN_OBJC_IMPLICIT_RETAIN_SELF = YES;
				CLANG_WARN_OBJC_LITERAL_CONVERSION = YES;
				CLANG_WARN_OBJC_ROOT_CLASS = YES_ERROR;
				CLANG_WARN_QUOTED_INCLUDE_IN_FRAMEWORK_HEADER = YES;
				CLANG_WARN_RANGE_LOOP_ANALYSIS = YES;
				CLANG_WARN_STRICT_PROTOTYPES = YES;
				CLANG_WARN_SUSPICIOUS_MOVE = YES;
				CLANG_WARN_UNGUARDED_AVAILABILITY = YES_AGGRESSIVE;
				CLANG_WARN_UNREACHABLE_CODE = YES;
				CLANG_WARN__DUPLICATE_METHOD_MATCH = YES;
				COPY_PHASE_STRIP = NO;
				DEBUG_INFORMATION_FORMAT = dwarf;
				ENABLE_STRICT_OBJC_MSGSEND = YES;
				ENABLE_TESTABILITY = YES;
				ENABLE_USER_SCRIPT_SANDBOXING = YES;
				GCC_C_LANGUAGE_STANDARD = gnu17;
				GCC_DYNAMIC_NO_PIC = NO;
				GCC_NO_COMMON_BLOCKS = YES;
				GCC_OPTIMIZATION_LEVEL = 0;
				GCC_PREPROCESSOR_DEFINITIONS = (
					"DEBUG=1",
					"$(inherited)",
				);
				GCC_WARN_64_TO_32_BIT_CONVERSION = YES;
				GCC_WARN_ABOUT_RETURN_TYPE = YES_ERROR;
				GCC_WARN_UNDECLARED_SELECTOR = YES;
				GCC_WARN_UNINITIALIZED_AUTOS = YES_AGGRESSIVE;
				GCC_WARN_UNUSED_FUNCTION = YES;
				GCC_WARN_UNUSED_VARIABLE = YES;
				IPHONEOS_DEPLOYMENT_TARGET = 17.0;
				LOCALIZATION_PREFERS_STRING_CATALOGS = YES;
				MTL_ENABLE_DEBUG_INFO = INCLUDE_SOURCE;
				MTL_FAST_MATH = YES;
				ONLY_ACTIVE_ARCH = YES;
				SDKROOT = iphoneos;
				SWIFT_ACTIVE_COMPILATION_CONDITIONS = "DEBUG $(inherited)";
				SWIFT_EMIT_LOC_STRINGS = YES;
				SWIFT_OPTIMIZATION_LEVEL = "-Onone";
			};
			name = Debug;
		};
		61E5E61B2B17E981005B3D03 /* Release */ = {
			isa = XCBuildConfiguration;
			buildSettings = {
				ALWAYS_SEARCH_USER_PATHS = NO;
				ASSETCATALOG_COMPILER_GENERATE_SWIFT_ASSET_SYMBOL_EXTENSIONS = YES;
				CLANG_ANALYZER_NONNULL = YES;
				CLANG_ANALYZER_NUMBER_OBJECT_CONVERSION = YES_AGGRESSIVE;
				CLANG_CXX_LANGUAGE_STANDARD = "gnu++20";
				CLANG_ENABLE_MODULES = YES;
				CLANG_ENABLE_OBJC_ARC = YES;
				CLANG_ENABLE_OBJC_WEAK = YES;
				CLANG_WARN_BLOCK_CAPTURE_AUTORELEASING = YES;
				CLANG_WARN_BOOL_CONVERSION = YES;
				CLANG_WARN_COMMA = YES;
				CLANG_WARN_CONSTANT_CONVERSION = YES;
				CLANG_WARN_DEPRECATED_OBJC_IMPLEMENTATIONS = YES;
				CLANG_WARN_DIRECT_OBJC_ISA_USAGE = YES_ERROR;
				CLANG_WARN_DOCUMENTATION_COMMENTS = YES;
				CLANG_WARN_EMPTY_BODY = YES;
				CLANG_WARN_ENUM_CONVERSION = YES;
				CLANG_WARN_INFINITE_RECURSION = YES;
				CLANG_WARN_INT_CONVERSION = YES;
				CLANG_WARN_NON_LITERAL_NULL_CONVERSION = YES;
				CLANG_WARN_OBJC_IMPLICIT_RETAIN_SELF = YES;
				CLANG_WARN_OBJC_LITERAL_CONVERSION = YES;
				CLANG_WARN_OBJC_ROOT_CLASS = YES_ERROR;
				CLANG_WARN_QUOTED_INCLUDE_IN_FRAMEWORK_HEADER = YES;
				CLANG_WARN_RANGE_LOOP_ANALYSIS = YES;
				CLANG_WARN_STRICT_PROTOTYPES = YES;
				CLANG_WARN_SUSPICIOUS_MOVE = YES;
				CLANG_WARN_UNGUARDED_AVAILABILITY = YES_AGGRESSIVE;
				CLANG_WARN_UNREACHABLE_CODE = YES;
				CLANG_WARN__DUPLICATE_METHOD_MATCH = YES;
				COPY_PHASE_STRIP = NO;
				DEBUG_INFORMATION_FORMAT = "dwarf-with-dsym";
				ENABLE_NS_ASSERTIONS = NO;
				ENABLE_STRICT_OBJC_MSGSEND = YES;
				ENABLE_USER_SCRIPT_SANDBOXING = YES;
				GCC_C_LANGUAGE_STANDARD = gnu17;
				GCC_NO_COMMON_BLOCKS = YES;
				GCC_WARN_64_TO_32_BIT_CONVERSION = YES;
				GCC_WARN_ABOUT_RETURN_TYPE = YES_ERROR;
				GCC_WARN_UNDECLARED_SELECTOR = YES;
				GCC_WARN_UNINITIALIZED_AUTOS = YES_AGGRESSIVE;
				GCC_WARN_UNUSED_FUNCTION = YES;
				GCC_WARN_UNUSED_VARIABLE = YES;
				IPHONEOS_DEPLOYMENT_TARGET = 17.0;
				LOCALIZATION_PREFERS_STRING_CATALOGS = YES;
				MTL_ENABLE_DEBUG_INFO = NO;
				MTL_FAST_MATH = YES;
				SDKROOT = iphoneos;
				SWIFT_COMPILATION_MODE = wholemodule;
				SWIFT_EMIT_LOC_STRINGS = YES;
				VALIDATE_PRODUCT = YES;
			};
			name = Release;
		};
		61E5E61D2B17E981005B3D03 /* Debug */ = {
			isa = XCBuildConfiguration;
			buildSettings = {
				ASSETCATALOG_COMPILER_APPICON_NAME = AppIcon;
				ASSETCATALOG_COMPILER_GLOBAL_ACCENT_COLOR_NAME = AccentColor;
				CODE_SIGN_STYLE = Automatic;
				CURRENT_PROJECT_VERSION = 1;
				DEVELOPMENT_ASSET_PATHS = "\"EcoFill/Resources\"";
				DEVELOPMENT_TEAM = 5C7T379SKG;
				ENABLE_PREVIEWS = YES;
				GENERATE_INFOPLIST_FILE = YES;
				INFOPLIST_FILE = EcoFill/App/Info.plist;
				INFOPLIST_KEY_CFBundleDisplayName = EcoFill;
				INFOPLIST_KEY_LSApplicationCategoryType = "public.app-category.business";
				INFOPLIST_KEY_NSCameraUsageDescription = "EcoFill requires access to the camera to scan QR codes.";
				INFOPLIST_KEY_NSLocationWhenInUseUsageDescription = "EcoFill requires access to your location to provide accurate navigation and route guidance.";
				INFOPLIST_KEY_UIApplicationSceneManifest_Generation = YES;
				INFOPLIST_KEY_UIApplicationSupportsIndirectInputEvents = YES;
				INFOPLIST_KEY_UILaunchScreen_Generation = YES;
				INFOPLIST_KEY_UILaunchStoryboardName = "";
				INFOPLIST_KEY_UIStatusBarHidden = NO;
				INFOPLIST_KEY_UISupportedInterfaceOrientations = UIInterfaceOrientationPortrait;
				INFOPLIST_KEY_UISupportedInterfaceOrientations_iPad = "UIInterfaceOrientationLandscapeLeft UIInterfaceOrientationLandscapeRight UIInterfaceOrientationPortrait UIInterfaceOrientationPortraitUpsideDown";
				IPHONEOS_DEPLOYMENT_TARGET = 17.6;
				LD_RUNPATH_SEARCH_PATHS = (
					"$(inherited)",
					"@executable_path/Frameworks",
				);
				MARKETING_VERSION = 1.0;
				PRODUCT_BUNDLE_IDENTIFIER = com.alexanderandrianov.EcoFill;
				PRODUCT_NAME = "$(TARGET_NAME)";
				SUPPORTED_PLATFORMS = "iphoneos iphonesimulator";
				SUPPORTS_MACCATALYST = NO;
				SUPPORTS_MAC_DESIGNED_FOR_IPHONE_IPAD = NO;
				SUPPORTS_XR_DESIGNED_FOR_IPHONE_IPAD = NO;
				SWIFT_EMIT_LOC_STRINGS = YES;
				SWIFT_VERSION = 5.0;
				TARGETED_DEVICE_FAMILY = 1;
			};
			name = Debug;
		};
		61E5E61E2B17E981005B3D03 /* Release */ = {
			isa = XCBuildConfiguration;
			buildSettings = {
				ASSETCATALOG_COMPILER_APPICON_NAME = AppIcon;
				ASSETCATALOG_COMPILER_GLOBAL_ACCENT_COLOR_NAME = AccentColor;
				CODE_SIGN_STYLE = Automatic;
				CURRENT_PROJECT_VERSION = 1;
				DEVELOPMENT_ASSET_PATHS = "\"EcoFill/Resources\"";
				DEVELOPMENT_TEAM = 5C7T379SKG;
				ENABLE_PREVIEWS = YES;
				GENERATE_INFOPLIST_FILE = YES;
				INFOPLIST_FILE = EcoFill/App/Info.plist;
				INFOPLIST_KEY_CFBundleDisplayName = EcoFill;
				INFOPLIST_KEY_LSApplicationCategoryType = "public.app-category.business";
				INFOPLIST_KEY_NSCameraUsageDescription = "EcoFill requires access to the camera to scan QR codes.";
				INFOPLIST_KEY_NSLocationWhenInUseUsageDescription = "EcoFill requires access to your location to provide accurate navigation and route guidance.";
				INFOPLIST_KEY_UIApplicationSceneManifest_Generation = YES;
				INFOPLIST_KEY_UIApplicationSupportsIndirectInputEvents = YES;
				INFOPLIST_KEY_UILaunchScreen_Generation = YES;
				INFOPLIST_KEY_UILaunchStoryboardName = "";
				INFOPLIST_KEY_UIStatusBarHidden = NO;
				INFOPLIST_KEY_UISupportedInterfaceOrientations = UIInterfaceOrientationPortrait;
				INFOPLIST_KEY_UISupportedInterfaceOrientations_iPad = "UIInterfaceOrientationLandscapeLeft UIInterfaceOrientationLandscapeRight UIInterfaceOrientationPortrait UIInterfaceOrientationPortraitUpsideDown";
				IPHONEOS_DEPLOYMENT_TARGET = 17.6;
				LD_RUNPATH_SEARCH_PATHS = (
					"$(inherited)",
					"@executable_path/Frameworks",
				);
				MARKETING_VERSION = 1.0;
				PRODUCT_BUNDLE_IDENTIFIER = com.alexanderandrianov.EcoFill;
				PRODUCT_NAME = "$(TARGET_NAME)";
				SUPPORTED_PLATFORMS = "iphoneos iphonesimulator";
				SUPPORTS_MACCATALYST = NO;
				SUPPORTS_MAC_DESIGNED_FOR_IPHONE_IPAD = NO;
				SUPPORTS_XR_DESIGNED_FOR_IPHONE_IPAD = NO;
				SWIFT_EMIT_LOC_STRINGS = YES;
				SWIFT_VERSION = 5.0;
				TARGETED_DEVICE_FAMILY = 1;
			};
			name = Release;
		};
/* End XCBuildConfiguration section */

/* Begin XCConfigurationList section */
		61E5E6092B17E981005B3D03 /* Build configuration list for PBXProject "EcoFill" */ = {
			isa = XCConfigurationList;
			buildConfigurations = (
				61E5E61A2B17E981005B3D03 /* Debug */,
				61E5E61B2B17E981005B3D03 /* Release */,
			);
			defaultConfigurationIsVisible = 0;
			defaultConfigurationName = Release;
		};
		61E5E61C2B17E981005B3D03 /* Build configuration list for PBXNativeTarget "EcoFill" */ = {
			isa = XCConfigurationList;
			buildConfigurations = (
				61E5E61D2B17E981005B3D03 /* Debug */,
				61E5E61E2B17E981005B3D03 /* Release */,
			);
			defaultConfigurationIsVisible = 0;
			defaultConfigurationName = Release;
		};
/* End XCConfigurationList section */

/* Begin XCRemoteSwiftPackageReference section */
		6105432C2B34BD0700CFC9DB /* XCRemoteSwiftPackageReference "firebase-ios-sdk" */ = {
			isa = XCRemoteSwiftPackageReference;
			repositoryURL = "https://github.com/firebase/firebase-ios-sdk";
			requirement = {
				kind = upToNextMajorVersion;
				minimumVersion = 10.19.1;
			};
		};
/* End XCRemoteSwiftPackageReference section */

/* Begin XCSwiftPackageProductDependency section */
		610543392B34BD0700CFC9DB /* FirebaseAuth */ = {
			isa = XCSwiftPackageProductDependency;
			package = 6105432C2B34BD0700CFC9DB /* XCRemoteSwiftPackageReference "firebase-ios-sdk" */;
			productName = FirebaseAuth;
		};
		610543452B34BD0700CFC9DB /* FirebaseFirestore */ = {
			isa = XCSwiftPackageProductDependency;
			package = 6105432C2B34BD0700CFC9DB /* XCRemoteSwiftPackageReference "firebase-ios-sdk" */;
			productName = FirebaseFirestore;
		};
		610543492B34BD0700CFC9DB /* FirebaseFirestoreSwift */ = {
			isa = XCSwiftPackageProductDependency;
			package = 6105432C2B34BD0700CFC9DB /* XCRemoteSwiftPackageReference "firebase-ios-sdk" */;
			productName = FirebaseFirestoreSwift;
		};
/* End XCSwiftPackageProductDependency section */
	};
	rootObject = 61E5E6062B17E981005B3D03 /* Project object */;
}
