// !$*UTF8*$!
{
	archiveVersion = 1;
	classes = {
	};
	objectVersion = 56;
	objects = {

/* Begin PBXBuildFile section */
		32044B792C87B04300D90077 /* CityPicker.swift in Sources */ = {isa = PBXBuildFile; fileRef = 32044B782C87B04300D90077 /* CityPicker.swift */; };
		32044B7D2C87DFDF00D90077 /* MapControlStationsList.swift in Sources */ = {isa = PBXBuildFile; fileRef = 32044B7C2C87DFDF00D90077 /* MapControlStationsList.swift */; };
		32044B7F2C87E60300D90077 /* FuelsInSelectedCity.swift in Sources */ = {isa = PBXBuildFile; fileRef = 32044B7E2C87E60300D90077 /* FuelsInSelectedCity.swift */; };
		32044B812C87E61000D90077 /* FuelsInSelectedStation.swift in Sources */ = {isa = PBXBuildFile; fileRef = 32044B802C87E61000D90077 /* FuelsInSelectedStation.swift */; };
		3212AACB2C245BAB002FBA2A /* DismissXButton.swift in Sources */ = {isa = PBXBuildFile; fileRef = 3212AACA2C245BAB002FBA2A /* DismissXButton.swift */; };
		32144CBA2B81200E009C3081 /* FuelsStack.swift in Sources */ = {isa = PBXBuildFile; fileRef = 32144CB92B81200E009C3081 /* FuelsStack.swift */; };
		322377512C8762A5001A2AC7 /* LauchScreen.swift in Sources */ = {isa = PBXBuildFile; fileRef = 322377502C8762A5001A2AC7 /* LauchScreen.swift */; };
		3223F4E92B84D96500DA0181 /* Font.swift in Sources */ = {isa = PBXBuildFile; fileRef = 3223F4E82B84D96500DA0181 /* Font.swift */; };
		322C96852C841606006EB5F5 /* MapViewModel.swift in Sources */ = {isa = PBXBuildFile; fileRef = 322C96842C841606006EB5F5 /* MapViewModel.swift */; };
		323445702B4752F700C218F1 /* UserViewModel.swift in Sources */ = {isa = PBXBuildFile; fileRef = 3234456F2B4752F700C218F1 /* UserViewModel.swift */; };
		32378ADB2C8502DD006BD7E3 /* SignUpFormFields.swift in Sources */ = {isa = PBXBuildFile; fileRef = 32378ADA2C8502DD006BD7E3 /* SignUpFormFields.swift */; };
		32378ADD2C8505D4006BD7E3 /* SignInFormFields.swift in Sources */ = {isa = PBXBuildFile; fileRef = 32378ADC2C8505D4006BD7E3 /* SignInFormFields.swift */; };
		323959792C828E8E00599876 /* BaseButton.swift in Sources */ = {isa = PBXBuildFile; fileRef = 323959782C828E8E00599876 /* BaseButton.swift */; };
		3239597F2C82A4B000599876 /* Row.swift in Sources */ = {isa = PBXBuildFile; fileRef = 3239597E2C82A4B000599876 /* Row.swift */; };
		3242D11C2B728F04005BE4A3 /* Station.swift in Sources */ = {isa = PBXBuildFile; fileRef = 3242D11B2B728F04005BE4A3 /* Station.swift */; };
		325CE7E42B80F350007E343D /* Color+Ext.swift in Sources */ = {isa = PBXBuildFile; fileRef = 325CE7E32B80F350007E343D /* Color+Ext.swift */; };
		325EC5CB2B85042A0049C234 /* LexendDeca-SemiBold.ttf in Resources */ = {isa = PBXBuildFile; fileRef = 325EC5C82B85042A0049C234 /* LexendDeca-SemiBold.ttf */; };
		325EC5CC2B85042A0049C234 /* LexendDeca-Bold.ttf in Resources */ = {isa = PBXBuildFile; fileRef = 325EC5C92B85042A0049C234 /* LexendDeca-Bold.ttf */; };
		325EC5CD2B85042A0049C234 /* LexendDeca-Regular.ttf in Resources */ = {isa = PBXBuildFile; fileRef = 325EC5CA2B85042A0049C234 /* LexendDeca-Regular.ttf */; };
		3270E2FC2BADB88C0047E645 /* ResetEmailScreen.swift in Sources */ = {isa = PBXBuildFile; fileRef = 3270E2FB2BADB88C0047E645 /* ResetEmailScreen.swift */; };
		3270E3022BADC7CC0047E645 /* City.swift in Sources */ = {isa = PBXBuildFile; fileRef = 3270E3012BADC7CC0047E645 /* City.swift */; };
		329613982B7914DD00649CAC /* AppearanceChanger.swift in Sources */ = {isa = PBXBuildFile; fileRef = 329613972B7914DD00649CAC /* AppearanceChanger.swift */; };
		32B0E97B2B6C5E6F0090ABF2 /* LocationService.swift in Sources */ = {isa = PBXBuildFile; fileRef = 32B0E97A2B6C5E6F0090ABF2 /* LocationService.swift */; };
		32BCC2422B8424E800AE47D6 /* FuelCell.swift in Sources */ = {isa = PBXBuildFile; fileRef = 32BCC2412B8424E800AE47D6 /* FuelCell.swift */; };
		32C0A22B2C67FB6200621A7A /* View+Ext.swift in Sources */ = {isa = PBXBuildFile; fileRef = 32C0A22A2C67FB6200621A7A /* View+Ext.swift */; };
		32C0A22D2C67FD7A00621A7A /* ButtonStyle+Ext.swift in Sources */ = {isa = PBXBuildFile; fileRef = 32C0A22C2C67FD7A00621A7A /* ButtonStyle+Ext.swift */; };
		32D45A0F2C860B7500C94DC2 /* MKCoordinateRegion+Ext.swift in Sources */ = {isa = PBXBuildFile; fileRef = 32D45A0E2C860B7500C94DC2 /* MKCoordinateRegion+Ext.swift */; };
		32D45A112C860BA800C94DC2 /* CLLocationCoordinate2D+Ext.swift in Sources */ = {isa = PBXBuildFile; fileRef = 32D45A102C860BA800C94DC2 /* CLLocationCoordinate2D+Ext.swift */; };
		32D546B32C247DAF0074761A /* LocationCell.swift in Sources */ = {isa = PBXBuildFile; fileRef = 32D546B22C247DAF0074761A /* LocationCell.swift */; };
		32D672652B9F362200BAB824 /* Image+Ext.swift in Sources */ = {isa = PBXBuildFile; fileRef = 32D672642B9F362200BAB824 /* Image+Ext.swift */; };
		32DE57402B8613480076A7E3 /* LexendDeca-Medium.ttf in Resources */ = {isa = PBXBuildFile; fileRef = 32DE573F2B8613480076A7E3 /* LexendDeca-Medium.ttf */; };
		32E563892B9CC7C5000BCFD4 /* CustomButtonModifier.swift in Sources */ = {isa = PBXBuildFile; fileRef = 32E563882B9CC7C5000BCFD4 /* CustomButtonModifier.swift */; };
		32F4B5032B7A4ABF003EF8D3 /* LocationsList.swift in Sources */ = {isa = PBXBuildFile; fileRef = 32F4B5022B7A4ABF003EF8D3 /* LocationsList.swift */; };
		32F4C3162BA0EF5A00B8A2E5 /* AnimatedButtonStyle.swift in Sources */ = {isa = PBXBuildFile; fileRef = 32F4C3152BA0EF5A00B8A2E5 /* AnimatedButtonStyle.swift */; };
		6105432B2B34B5B300CFC9DB /* GoogleService-Info.plist in Resources */ = {isa = PBXBuildFile; fileRef = 6105432A2B34B5B300CFC9DB /* GoogleService-Info.plist */; };
		6105433A2B34BD0700CFC9DB /* FirebaseAuth in Frameworks */ = {isa = PBXBuildFile; productRef = 610543392B34BD0700CFC9DB /* FirebaseAuth */; };
		610543402B34BD0700CFC9DB /* FirebaseDatabase in Frameworks */ = {isa = PBXBuildFile; productRef = 6105433F2B34BD0700CFC9DB /* FirebaseDatabase */; };
		610543422B34BD0700CFC9DB /* FirebaseDatabaseSwift in Frameworks */ = {isa = PBXBuildFile; productRef = 610543412B34BD0700CFC9DB /* FirebaseDatabaseSwift */; };
		610543462B34BD0700CFC9DB /* FirebaseFirestore in Frameworks */ = {isa = PBXBuildFile; productRef = 610543452B34BD0700CFC9DB /* FirebaseFirestore */; };
		6105434A2B34BD0700CFC9DB /* FirebaseFirestoreSwift in Frameworks */ = {isa = PBXBuildFile; productRef = 610543492B34BD0700CFC9DB /* FirebaseFirestoreSwift */; };
		610543602B34BD0700CFC9DB /* FirebaseStorage in Frameworks */ = {isa = PBXBuildFile; productRef = 6105435F2B34BD0700CFC9DB /* FirebaseStorage */; };
		610543672B34CB0400CFC9DB /* SignInScreen.swift in Sources */ = {isa = PBXBuildFile; fileRef = 610543662B34CB0400CFC9DB /* SignInScreen.swift */; };
		6105436A2B34CF5700CFC9DB /* CustomTextField.swift in Sources */ = {isa = PBXBuildFile; fileRef = 610543692B34CF5700CFC9DB /* CustomTextField.swift */; };
		6105436C2B34E2FE00CFC9DB /* SignUpScreen.swift in Sources */ = {isa = PBXBuildFile; fileRef = 6105436B2B34E2FE00CFC9DB /* SignUpScreen.swift */; };
		611AD1292B1D3F3A00BD5EB7 /* Service.swift in Sources */ = {isa = PBXBuildFile; fileRef = 611AD1272B1D3F3A00BD5EB7 /* Service.swift */; };
		611AD1332B1D3F4800BD5EB7 /* ServiceCell.swift in Sources */ = {isa = PBXBuildFile; fileRef = 611AD12C2B1D3F4800BD5EB7 /* ServiceCell.swift */; };
		611AD1352B1D3F4800BD5EB7 /* ServicesList.swift in Sources */ = {isa = PBXBuildFile; fileRef = 611AD12F2B1D3F4800BD5EB7 /* ServicesList.swift */; };
		611AD1372B1D3F4800BD5EB7 /* MapItemView.swift in Sources */ = {isa = PBXBuildFile; fileRef = 611AD1322B1D3F4800BD5EB7 /* MapItemView.swift */; };
		61342F9F2B25DDB1000BE286 /* SupportScreen.swift in Sources */ = {isa = PBXBuildFile; fileRef = 61342F9E2B25DDB1000BE286 /* SupportScreen.swift */; };
		614314902B17F980009A1D9C /* HomeScreen.swift in Sources */ = {isa = PBXBuildFile; fileRef = 6143148F2B17F980009A1D9C /* HomeScreen.swift */; };
		614314922B17F98F009A1D9C /* MapScreen.swift in Sources */ = {isa = PBXBuildFile; fileRef = 614314912B17F98F009A1D9C /* MapScreen.swift */; };
		614314942B17F9A2009A1D9C /* UserScreen.swift in Sources */ = {isa = PBXBuildFile; fileRef = 614314932B17F9A2009A1D9C /* UserScreen.swift */; };
		61696B712B1F741F00406421 /* User.swift in Sources */ = {isa = PBXBuildFile; fileRef = 61696B702B1F741F00406421 /* User.swift */; };
		61696B742B1F74EE00406421 /* Alert.swift in Sources */ = {isa = PBXBuildFile; fileRef = 61696B732B1F74EE00406421 /* Alert.swift */; };
		61696B772B1F7A8400406421 /* String+Ext.swift in Sources */ = {isa = PBXBuildFile; fileRef = 61696B762B1F7A8400406421 /* String+Ext.swift */; };
		6171A4442B1DCE6400D22A23 /* UserDataView.swift in Sources */ = {isa = PBXBuildFile; fileRef = 6171A4432B1DCE6400D22A23 /* UserDataView.swift */; };
		6171A4462B1DD11800D22A23 /* QRCodeView.swift in Sources */ = {isa = PBXBuildFile; fileRef = 6171A4452B1DD11800D22A23 /* QRCodeView.swift */; };
		61BEC9A12B1E703D00AF223D /* UserPrivateDataView.swift in Sources */ = {isa = PBXBuildFile; fileRef = 61BEC9A02B1E703D00AF223D /* UserPrivateDataView.swift */; };
		61E5E6122B17E981005B3D03 /* EcoFillApp.swift in Sources */ = {isa = PBXBuildFile; fileRef = 61E5E6112B17E981005B3D03 /* EcoFillApp.swift */; };
		61E5E6142B17E981005B3D03 /* TabScreen.swift in Sources */ = {isa = PBXBuildFile; fileRef = 61E5E6132B17E981005B3D03 /* TabScreen.swift */; };
		61E5E6162B17E981005B3D03 /* Assets.xcassets in Resources */ = {isa = PBXBuildFile; fileRef = 61E5E6152B17E981005B3D03 /* Assets.xcassets */; };
		61E5E6192B17E981005B3D03 /* Preview Assets.xcassets in Resources */ = {isa = PBXBuildFile; fileRef = 61E5E6182B17E981005B3D03 /* Preview Assets.xcassets */; };
/* End PBXBuildFile section */

/* Begin PBXFileReference section */
		32044B782C87B04300D90077 /* CityPicker.swift */ = {isa = PBXFileReference; lastKnownFileType = sourcecode.swift; path = CityPicker.swift; sourceTree = "<group>"; };
		32044B7C2C87DFDF00D90077 /* MapControlStationsList.swift */ = {isa = PBXFileReference; lastKnownFileType = sourcecode.swift; path = MapControlStationsList.swift; sourceTree = "<group>"; };
		32044B7E2C87E60300D90077 /* FuelsInSelectedCity.swift */ = {isa = PBXFileReference; lastKnownFileType = sourcecode.swift; path = FuelsInSelectedCity.swift; sourceTree = "<group>"; };
		32044B802C87E61000D90077 /* FuelsInSelectedStation.swift */ = {isa = PBXFileReference; lastKnownFileType = sourcecode.swift; path = FuelsInSelectedStation.swift; sourceTree = "<group>"; };
		3212AACA2C245BAB002FBA2A /* DismissXButton.swift */ = {isa = PBXFileReference; fileEncoding = 4; lastKnownFileType = sourcecode.swift; path = DismissXButton.swift; sourceTree = "<group>"; };
		32144CB92B81200E009C3081 /* FuelsStack.swift */ = {isa = PBXFileReference; lastKnownFileType = sourcecode.swift; path = FuelsStack.swift; sourceTree = "<group>"; };
		322377502C8762A5001A2AC7 /* LauchScreen.swift */ = {isa = PBXFileReference; lastKnownFileType = sourcecode.swift; path = LauchScreen.swift; sourceTree = "<group>"; };
		3223F4E82B84D96500DA0181 /* Font.swift */ = {isa = PBXFileReference; lastKnownFileType = sourcecode.swift; path = Font.swift; sourceTree = "<group>"; };
		322C96842C841606006EB5F5 /* MapViewModel.swift */ = {isa = PBXFileReference; lastKnownFileType = sourcecode.swift; path = MapViewModel.swift; sourceTree = "<group>"; };
		3234456F2B4752F700C218F1 /* UserViewModel.swift */ = {isa = PBXFileReference; lastKnownFileType = sourcecode.swift; path = UserViewModel.swift; sourceTree = "<group>"; };
		32378ADA2C8502DD006BD7E3 /* SignUpFormFields.swift */ = {isa = PBXFileReference; lastKnownFileType = sourcecode.swift; path = SignUpFormFields.swift; sourceTree = "<group>"; };
		32378ADC2C8505D4006BD7E3 /* SignInFormFields.swift */ = {isa = PBXFileReference; lastKnownFileType = sourcecode.swift; path = SignInFormFields.swift; sourceTree = "<group>"; };
		323959782C828E8E00599876 /* BaseButton.swift */ = {isa = PBXFileReference; lastKnownFileType = sourcecode.swift; path = BaseButton.swift; sourceTree = "<group>"; };
		3239597E2C82A4B000599876 /* Row.swift */ = {isa = PBXFileReference; lastKnownFileType = sourcecode.swift; path = Row.swift; sourceTree = "<group>"; };
		3242D11B2B728F04005BE4A3 /* Station.swift */ = {isa = PBXFileReference; lastKnownFileType = sourcecode.swift; path = Station.swift; sourceTree = "<group>"; };
		325CE7E32B80F350007E343D /* Color+Ext.swift */ = {isa = PBXFileReference; lastKnownFileType = sourcecode.swift; path = "Color+Ext.swift"; sourceTree = "<group>"; };
		325EC5C82B85042A0049C234 /* LexendDeca-SemiBold.ttf */ = {isa = PBXFileReference; lastKnownFileType = file; path = "LexendDeca-SemiBold.ttf"; sourceTree = "<group>"; };
		325EC5C92B85042A0049C234 /* LexendDeca-Bold.ttf */ = {isa = PBXFileReference; lastKnownFileType = file; path = "LexendDeca-Bold.ttf"; sourceTree = "<group>"; };
		325EC5CA2B85042A0049C234 /* LexendDeca-Regular.ttf */ = {isa = PBXFileReference; lastKnownFileType = file; path = "LexendDeca-Regular.ttf"; sourceTree = "<group>"; };
		325EC5CE2B8504D30049C234 /* Info.plist */ = {isa = PBXFileReference; lastKnownFileType = text.plist.xml; path = Info.plist; sourceTree = "<group>"; };
		3270E2FB2BADB88C0047E645 /* ResetEmailScreen.swift */ = {isa = PBXFileReference; lastKnownFileType = sourcecode.swift; path = ResetEmailScreen.swift; sourceTree = "<group>"; };
		3270E3012BADC7CC0047E645 /* City.swift */ = {isa = PBXFileReference; lastKnownFileType = sourcecode.swift; path = City.swift; sourceTree = "<group>"; };
		329613972B7914DD00649CAC /* AppearanceChanger.swift */ = {isa = PBXFileReference; lastKnownFileType = sourcecode.swift; path = AppearanceChanger.swift; sourceTree = "<group>"; };
		32B0E97A2B6C5E6F0090ABF2 /* LocationService.swift */ = {isa = PBXFileReference; lastKnownFileType = sourcecode.swift; path = LocationService.swift; sourceTree = "<group>"; };
		32BCC2412B8424E800AE47D6 /* FuelCell.swift */ = {isa = PBXFileReference; lastKnownFileType = sourcecode.swift; path = FuelCell.swift; sourceTree = "<group>"; };
		32C0A22A2C67FB6200621A7A /* View+Ext.swift */ = {isa = PBXFileReference; lastKnownFileType = sourcecode.swift; path = "View+Ext.swift"; sourceTree = "<group>"; };
		32C0A22C2C67FD7A00621A7A /* ButtonStyle+Ext.swift */ = {isa = PBXFileReference; lastKnownFileType = sourcecode.swift; path = "ButtonStyle+Ext.swift"; sourceTree = "<group>"; };
		32D45A0E2C860B7500C94DC2 /* MKCoordinateRegion+Ext.swift */ = {isa = PBXFileReference; lastKnownFileType = sourcecode.swift; path = "MKCoordinateRegion+Ext.swift"; sourceTree = "<group>"; };
		32D45A102C860BA800C94DC2 /* CLLocationCoordinate2D+Ext.swift */ = {isa = PBXFileReference; lastKnownFileType = sourcecode.swift; path = "CLLocationCoordinate2D+Ext.swift"; sourceTree = "<group>"; };
		32D546B22C247DAF0074761A /* LocationCell.swift */ = {isa = PBXFileReference; fileEncoding = 4; lastKnownFileType = sourcecode.swift; path = LocationCell.swift; sourceTree = "<group>"; };
		32D672642B9F362200BAB824 /* Image+Ext.swift */ = {isa = PBXFileReference; lastKnownFileType = sourcecode.swift; path = "Image+Ext.swift"; sourceTree = "<group>"; };
		32DE573F2B8613480076A7E3 /* LexendDeca-Medium.ttf */ = {isa = PBXFileReference; lastKnownFileType = file; path = "LexendDeca-Medium.ttf"; sourceTree = "<group>"; };
		32E563882B9CC7C5000BCFD4 /* CustomButtonModifier.swift */ = {isa = PBXFileReference; lastKnownFileType = sourcecode.swift; path = CustomButtonModifier.swift; sourceTree = "<group>"; };
		32F4B5022B7A4ABF003EF8D3 /* LocationsList.swift */ = {isa = PBXFileReference; lastKnownFileType = sourcecode.swift; path = LocationsList.swift; sourceTree = "<group>"; };
		32F4C3152BA0EF5A00B8A2E5 /* AnimatedButtonStyle.swift */ = {isa = PBXFileReference; lastKnownFileType = sourcecode.swift; path = AnimatedButtonStyle.swift; sourceTree = "<group>"; };
		6105432A2B34B5B300CFC9DB /* GoogleService-Info.plist */ = {isa = PBXFileReference; fileEncoding = 4; lastKnownFileType = text.plist.xml; path = "GoogleService-Info.plist"; sourceTree = "<group>"; };
		610543662B34CB0400CFC9DB /* SignInScreen.swift */ = {isa = PBXFileReference; lastKnownFileType = sourcecode.swift; path = SignInScreen.swift; sourceTree = "<group>"; };
		610543692B34CF5700CFC9DB /* CustomTextField.swift */ = {isa = PBXFileReference; lastKnownFileType = sourcecode.swift; path = CustomTextField.swift; sourceTree = "<group>"; };
		6105436B2B34E2FE00CFC9DB /* SignUpScreen.swift */ = {isa = PBXFileReference; lastKnownFileType = sourcecode.swift; path = SignUpScreen.swift; sourceTree = "<group>"; };
		611AD1272B1D3F3A00BD5EB7 /* Service.swift */ = {isa = PBXFileReference; fileEncoding = 4; lastKnownFileType = sourcecode.swift; path = Service.swift; sourceTree = "<group>"; };
		611AD12C2B1D3F4800BD5EB7 /* ServiceCell.swift */ = {isa = PBXFileReference; fileEncoding = 4; lastKnownFileType = sourcecode.swift; path = ServiceCell.swift; sourceTree = "<group>"; };
		611AD12F2B1D3F4800BD5EB7 /* ServicesList.swift */ = {isa = PBXFileReference; fileEncoding = 4; lastKnownFileType = sourcecode.swift; path = ServicesList.swift; sourceTree = "<group>"; };
		611AD1322B1D3F4800BD5EB7 /* MapItemView.swift */ = {isa = PBXFileReference; fileEncoding = 4; lastKnownFileType = sourcecode.swift; path = MapItemView.swift; sourceTree = "<group>"; };
		61342F9E2B25DDB1000BE286 /* SupportScreen.swift */ = {isa = PBXFileReference; lastKnownFileType = sourcecode.swift; path = SupportScreen.swift; sourceTree = "<group>"; };
		6143148F2B17F980009A1D9C /* HomeScreen.swift */ = {isa = PBXFileReference; lastKnownFileType = sourcecode.swift; path = HomeScreen.swift; sourceTree = "<group>"; };
		614314912B17F98F009A1D9C /* MapScreen.swift */ = {isa = PBXFileReference; lastKnownFileType = sourcecode.swift; path = MapScreen.swift; sourceTree = "<group>"; };
		614314932B17F9A2009A1D9C /* UserScreen.swift */ = {isa = PBXFileReference; lastKnownFileType = sourcecode.swift; path = UserScreen.swift; sourceTree = "<group>"; };
		61696B702B1F741F00406421 /* User.swift */ = {isa = PBXFileReference; lastKnownFileType = sourcecode.swift; path = User.swift; sourceTree = "<group>"; };
		61696B732B1F74EE00406421 /* Alert.swift */ = {isa = PBXFileReference; lastKnownFileType = sourcecode.swift; path = Alert.swift; sourceTree = "<group>"; };
		61696B762B1F7A8400406421 /* String+Ext.swift */ = {isa = PBXFileReference; lastKnownFileType = sourcecode.swift; path = "String+Ext.swift"; sourceTree = "<group>"; };
		6171A4432B1DCE6400D22A23 /* UserDataView.swift */ = {isa = PBXFileReference; lastKnownFileType = sourcecode.swift; path = UserDataView.swift; sourceTree = "<group>"; };
		6171A4452B1DD11800D22A23 /* QRCodeView.swift */ = {isa = PBXFileReference; lastKnownFileType = sourcecode.swift; path = QRCodeView.swift; sourceTree = "<group>"; };
		61BEC9A02B1E703D00AF223D /* UserPrivateDataView.swift */ = {isa = PBXFileReference; lastKnownFileType = sourcecode.swift; path = UserPrivateDataView.swift; sourceTree = "<group>"; };
		61E5E60E2B17E981005B3D03 /* EcoFill.app */ = {isa = PBXFileReference; explicitFileType = wrapper.application; includeInIndex = 0; path = EcoFill.app; sourceTree = BUILT_PRODUCTS_DIR; };
		61E5E6112B17E981005B3D03 /* EcoFillApp.swift */ = {isa = PBXFileReference; lastKnownFileType = sourcecode.swift; path = EcoFillApp.swift; sourceTree = "<group>"; };
		61E5E6132B17E981005B3D03 /* TabScreen.swift */ = {isa = PBXFileReference; lastKnownFileType = sourcecode.swift; path = TabScreen.swift; sourceTree = "<group>"; };
		61E5E6152B17E981005B3D03 /* Assets.xcassets */ = {isa = PBXFileReference; lastKnownFileType = folder.assetcatalog; path = Assets.xcassets; sourceTree = "<group>"; };
		61E5E6182B17E981005B3D03 /* Preview Assets.xcassets */ = {isa = PBXFileReference; lastKnownFileType = folder.assetcatalog; path = "Preview Assets.xcassets"; sourceTree = "<group>"; };
/* End PBXFileReference section */

/* Begin PBXFrameworksBuildPhase section */
		61E5E60B2B17E981005B3D03 /* Frameworks */ = {
			isa = PBXFrameworksBuildPhase;
			buildActionMask = 2147483647;
			files = (
				610543402B34BD0700CFC9DB /* FirebaseDatabase in Frameworks */,
				610543462B34BD0700CFC9DB /* FirebaseFirestore in Frameworks */,
				6105434A2B34BD0700CFC9DB /* FirebaseFirestoreSwift in Frameworks */,
				6105433A2B34BD0700CFC9DB /* FirebaseAuth in Frameworks */,
				610543422B34BD0700CFC9DB /* FirebaseDatabaseSwift in Frameworks */,
				610543602B34BD0700CFC9DB /* FirebaseStorage in Frameworks */,
			);
			runOnlyForDeploymentPostprocessing = 0;
		};
/* End PBXFrameworksBuildPhase section */

/* Begin PBXGroup section */
		320ED3CB2B7D04E800177A3E /* AppearanceChanger */ = {
			isa = PBXGroup;
			children = (
				329613972B7914DD00649CAC /* AppearanceChanger.swift */,
			);
			path = AppearanceChanger;
			sourceTree = "<group>";
		};
		322377522C8762AE001A2AC7 /* Launch */ = {
			isa = PBXGroup;
			children = (
				322377502C8762A5001A2AC7 /* LauchScreen.swift */,
			);
			path = Launch;
			sourceTree = "<group>";
		};
		322377532C8762B9001A2AC7 /* TabScreen */ = {
			isa = PBXGroup;
			children = (
				61E5E6132B17E981005B3D03 /* TabScreen.swift */,
			);
			path = TabScreen;
			sourceTree = "<group>";
		};
		322377542C8762E0001A2AC7 /* Home */ = {
			isa = PBXGroup;
			children = (
				6143148F2B17F980009A1D9C /* HomeScreen.swift */,
			);
			path = Home;
			sourceTree = "<group>";
		};
		322377552C8762EB001A2AC7 /* Support */ = {
			isa = PBXGroup;
			children = (
				61342F9E2B25DDB1000BE286 /* SupportScreen.swift */,
			);
			path = Support;
			sourceTree = "<group>";
		};
		32378ADF2C85075D006BD7E3 /* SignIn */ = {
			isa = PBXGroup;
			children = (
				610543662B34CB0400CFC9DB /* SignInScreen.swift */,
				32378ADC2C8505D4006BD7E3 /* SignInFormFields.swift */,
			);
			path = SignIn;
			sourceTree = "<group>";
		};
		32378AE02C850768006BD7E3 /* SignUp */ = {
			isa = PBXGroup;
			children = (
				6105436B2B34E2FE00CFC9DB /* SignUpScreen.swift */,
				32378ADA2C8502DD006BD7E3 /* SignUpFormFields.swift */,
			);
			path = SignUp;
			sourceTree = "<group>";
		};
		32378AE12C850794006BD7E3 /* Map */ = {
			isa = PBXGroup;
			children = (
				614314912B17F98F009A1D9C /* MapScreen.swift */,
				611AD1322B1D3F4800BD5EB7 /* MapItemView.swift */,
				32044B7C2C87DFDF00D90077 /* MapControlStationsList.swift */,
			);
			path = Map;
			sourceTree = "<group>";
		};
		323959772C82829200599876 /* App */ = {
			isa = PBXGroup;
			children = (
				61E5E6112B17E981005B3D03 /* EcoFillApp.swift */,
				325EC5CE2B8504D30049C234 /* Info.plist */,
				6105432A2B34B5B300CFC9DB /* GoogleService-Info.plist */,
			);
			path = App;
			sourceTree = "<group>";
		};
		3239597A2C82A36400599876 /* Screens */ = {
			isa = PBXGroup;
			children = (
				322377522C8762AE001A2AC7 /* Launch */,
				32378ADF2C85075D006BD7E3 /* SignIn */,
				32378AE02C850768006BD7E3 /* SignUp */,
				322377532C8762B9001A2AC7 /* TabScreen */,
				322377542C8762E0001A2AC7 /* Home */,
				322377552C8762EB001A2AC7 /* Support */,
				32378AE12C850794006BD7E3 /* Map */,
				324AE2BE2C8681AA004D3EA3 /* User */,
				324AE2C12C8689FD004D3EA3 /* ResetData */,
			);
			path = Screens;
			sourceTree = "<group>";
		};
		3239597B2C82A37300599876 /* Components */ = {
			isa = PBXGroup;
			children = (
				323B90A52C8805D8005258A1 /* Picker */,
				323B90A42C8805A4005258A1 /* Stack */,
				324AE2C62C868B8B004D3EA3 /* Row */,
				326C9C6F2B9CF41300426D85 /* TextFields */,
				32E563862B9CC701000BCFD4 /* Buttons */,
				611AD12B2B1D3F4800BD5EB7 /* Cells */,
				320ED3CB2B7D04E800177A3E /* AppearanceChanger */,
				611AD12E2B1D3F4800BD5EB7 /* Lists */,
				32BF85AB2BAE2CEE0089D34F /* QR */,
			);
			path = Components;
			sourceTree = "<group>";
		};
		323959802C82A5F400599876 /* Utilities */ = {
			isa = PBXGroup;
			children = (
				61696B752B1F784A00406421 /* Extensions */,
				3270E3012BADC7CC0047E645 /* City.swift */,
				61696B732B1F74EE00406421 /* Alert.swift */,
				32E563882B9CC7C5000BCFD4 /* CustomButtonModifier.swift */,
				32F4C3152BA0EF5A00B8A2E5 /* AnimatedButtonStyle.swift */,
			);
			path = Utilities;
			sourceTree = "<group>";
		};
		323959812C82A61D00599876 /* Resources */ = {
			isa = PBXGroup;
			children = (
				61E5E6152B17E981005B3D03 /* Assets.xcassets */,
				323959842C82B3CE00599876 /* Fonts */,
			);
			path = Resources;
			sourceTree = "<group>";
		};
		323959842C82B3CE00599876 /* Fonts */ = {
			isa = PBXGroup;
			children = (
				3223F4E82B84D96500DA0181 /* Font.swift */,
				32DE573F2B8613480076A7E3 /* LexendDeca-Medium.ttf */,
				325EC5C92B85042A0049C234 /* LexendDeca-Bold.ttf */,
				325EC5CA2B85042A0049C234 /* LexendDeca-Regular.ttf */,
				325EC5C82B85042A0049C234 /* LexendDeca-SemiBold.ttf */,
			);
			path = Fonts;
			sourceTree = "<group>";
		};
		323B90A42C8805A4005258A1 /* Stack */ = {
			isa = PBXGroup;
			children = (
				32144CB92B81200E009C3081 /* FuelsStack.swift */,
				32044B7E2C87E60300D90077 /* FuelsInSelectedCity.swift */,
				32044B802C87E61000D90077 /* FuelsInSelectedStation.swift */,
			);
			path = Stack;
			sourceTree = "<group>";
		};
		323B90A52C8805D8005258A1 /* Picker */ = {
			isa = PBXGroup;
			children = (
				32044B782C87B04300D90077 /* CityPicker.swift */,
			);
			path = Picker;
			sourceTree = "<group>";
		};
		324AE2BE2C8681AA004D3EA3 /* User */ = {
			isa = PBXGroup;
			children = (
				614314932B17F9A2009A1D9C /* UserScreen.swift */,
				6171A4432B1DCE6400D22A23 /* UserDataView.swift */,
				61BEC9A02B1E703D00AF223D /* UserPrivateDataView.swift */,
			);
			path = User;
			sourceTree = "<group>";
		};
		324AE2C12C8689FD004D3EA3 /* ResetData */ = {
			isa = PBXGroup;
			children = (
				3270E2FB2BADB88C0047E645 /* ResetEmailScreen.swift */,
			);
			path = ResetData;
			sourceTree = "<group>";
		};
		324AE2C62C868B8B004D3EA3 /* Row */ = {
			isa = PBXGroup;
			children = (
				3239597E2C82A4B000599876 /* Row.swift */,
			);
			path = Row;
			sourceTree = "<group>";
		};
		326C9C6F2B9CF41300426D85 /* TextFields */ = {
			isa = PBXGroup;
			children = (
				610543692B34CF5700CFC9DB /* CustomTextField.swift */,
			);
			path = TextFields;
			sourceTree = "<group>";
		};
		32B0E9792B6C5E640090ABF2 /* Services */ = {
			isa = PBXGroup;
			children = (
				32B0E97A2B6C5E6F0090ABF2 /* LocationService.swift */,
			);
			path = Services;
			sourceTree = "<group>";
		};
		32BF85AB2BAE2CEE0089D34F /* QR */ = {
			isa = PBXGroup;
			children = (
				6171A4452B1DD11800D22A23 /* QRCodeView.swift */,
			);
			path = QR;
			sourceTree = "<group>";
		};
		32D45A122C860BC100C94DC2 /* Map */ = {
			isa = PBXGroup;
			children = (
				32D45A0E2C860B7500C94DC2 /* MKCoordinateRegion+Ext.swift */,
				32D45A102C860BA800C94DC2 /* CLLocationCoordinate2D+Ext.swift */,
			);
			path = Map;
			sourceTree = "<group>";
		};
		32E563862B9CC701000BCFD4 /* Buttons */ = {
			isa = PBXGroup;
			children = (
				323959782C828E8E00599876 /* BaseButton.swift */,
				3212AACA2C245BAB002FBA2A /* DismissXButton.swift */,
			);
			path = Buttons;
			sourceTree = "<group>";
		};
		611AD1252B1D3F3A00BD5EB7 /* Models */ = {
			isa = PBXGroup;
			children = (
				61696B702B1F741F00406421 /* User.swift */,
				611AD1272B1D3F3A00BD5EB7 /* Service.swift */,
				3242D11B2B728F04005BE4A3 /* Station.swift */,
			);
			path = Models;
			sourceTree = "<group>";
		};
		611AD12A2B1D3F4800BD5EB7 /* Views */ = {
			isa = PBXGroup;
			children = (
				3239597A2C82A36400599876 /* Screens */,
				3239597B2C82A37300599876 /* Components */,
			);
			path = Views;
			sourceTree = "<group>";
		};
		611AD12B2B1D3F4800BD5EB7 /* Cells */ = {
			isa = PBXGroup;
			children = (
				32D546B22C247DAF0074761A /* LocationCell.swift */,
				32BCC2412B8424E800AE47D6 /* FuelCell.swift */,
				611AD12C2B1D3F4800BD5EB7 /* ServiceCell.swift */,
			);
			path = Cells;
			sourceTree = "<group>";
		};
		611AD12E2B1D3F4800BD5EB7 /* Lists */ = {
			isa = PBXGroup;
			children = (
				611AD12F2B1D3F4800BD5EB7 /* ServicesList.swift */,
				32F4B5022B7A4ABF003EF8D3 /* LocationsList.swift */,
			);
			path = Lists;
			sourceTree = "<group>";
		};
		61696B752B1F784A00406421 /* Extensions */ = {
			isa = PBXGroup;
			children = (
				32D45A122C860BC100C94DC2 /* Map */,
				61696B762B1F7A8400406421 /* String+Ext.swift */,
				325CE7E32B80F350007E343D /* Color+Ext.swift */,
				32D672642B9F362200BAB824 /* Image+Ext.swift */,
				32C0A22A2C67FB6200621A7A /* View+Ext.swift */,
				32C0A22C2C67FD7A00621A7A /* ButtonStyle+Ext.swift */,
			);
			path = Extensions;
			sourceTree = "<group>";
		};
		61BEC9A22B1E74FE00AF223D /* ViewModels */ = {
			isa = PBXGroup;
			children = (
				3234456F2B4752F700C218F1 /* UserViewModel.swift */,
				322C96842C841606006EB5F5 /* MapViewModel.swift */,
			);
			path = ViewModels;
			sourceTree = "<group>";
		};
		61E5E6052B17E981005B3D03 = {
			isa = PBXGroup;
			children = (
				61E5E6102B17E981005B3D03 /* EcoFill */,
				61E5E60F2B17E981005B3D03 /* Products */,
			);
			sourceTree = "<group>";
		};
		61E5E60F2B17E981005B3D03 /* Products */ = {
			isa = PBXGroup;
			children = (
				61E5E60E2B17E981005B3D03 /* EcoFill.app */,
			);
			name = Products;
			sourceTree = "<group>";
		};
		61E5E6102B17E981005B3D03 /* EcoFill */ = {
			isa = PBXGroup;
			children = (
				323959772C82829200599876 /* App */,
				611AD12A2B1D3F4800BD5EB7 /* Views */,
				61BEC9A22B1E74FE00AF223D /* ViewModels */,
				611AD1252B1D3F3A00BD5EB7 /* Models */,
				32B0E9792B6C5E640090ABF2 /* Services */,
				323959802C82A5F400599876 /* Utilities */,
				323959812C82A61D00599876 /* Resources */,
				61E5E6172B17E981005B3D03 /* Preview Content */,
			);
			path = EcoFill;
			sourceTree = "<group>";
		};
		61E5E6172B17E981005B3D03 /* Preview Content */ = {
			isa = PBXGroup;
			children = (
				61E5E6182B17E981005B3D03 /* Preview Assets.xcassets */,
			);
			path = "Preview Content";
			sourceTree = "<group>";
		};
/* End PBXGroup section */

/* Begin PBXNativeTarget section */
		61E5E60D2B17E981005B3D03 /* EcoFill */ = {
			isa = PBXNativeTarget;
			buildConfigurationList = 61E5E61C2B17E981005B3D03 /* Build configuration list for PBXNativeTarget "EcoFill" */;
			buildPhases = (
				61E5E60A2B17E981005B3D03 /* Sources */,
				61E5E60B2B17E981005B3D03 /* Frameworks */,
				61E5E60C2B17E981005B3D03 /* Resources */,
			);
			buildRules = (
			);
			dependencies = (
			);
			name = EcoFill;
			packageProductDependencies = (
				610543392B34BD0700CFC9DB /* FirebaseAuth */,
				6105433F2B34BD0700CFC9DB /* FirebaseDatabase */,
				610543412B34BD0700CFC9DB /* FirebaseDatabaseSwift */,
				610543452B34BD0700CFC9DB /* FirebaseFirestore */,
				610543492B34BD0700CFC9DB /* FirebaseFirestoreSwift */,
				6105435F2B34BD0700CFC9DB /* FirebaseStorage */,
			);
			productName = EcoFill;
			productReference = 61E5E60E2B17E981005B3D03 /* EcoFill.app */;
			productType = "com.apple.product-type.application";
		};
/* End PBXNativeTarget section */

/* Begin PBXProject section */
		61E5E6062B17E981005B3D03 /* Project object */ = {
			isa = PBXProject;
			attributes = {
				BuildIndependentTargetsInParallel = 1;
				LastSwiftUpdateCheck = 1500;
				LastUpgradeCheck = 1500;
				TargetAttributes = {
					61E5E60D2B17E981005B3D03 = {
						CreatedOnToolsVersion = 15.0.1;
					};
				};
			};
			buildConfigurationList = 61E5E6092B17E981005B3D03 /* Build configuration list for PBXProject "EcoFill" */;
			compatibilityVersion = "Xcode 14.0";
			developmentRegion = en;
			hasScannedForEncodings = 0;
			knownRegions = (
				en,
				Base,
			);
			mainGroup = 61E5E6052B17E981005B3D03;
			packageReferences = (
				6105432C2B34BD0700CFC9DB /* XCRemoteSwiftPackageReference "firebase-ios-sdk" */,
			);
			productRefGroup = 61E5E60F2B17E981005B3D03 /* Products */;
			projectDirPath = "";
			projectRoot = "";
			targets = (
				61E5E60D2B17E981005B3D03 /* EcoFill */,
			);
		};
/* End PBXProject section */

/* Begin PBXResourcesBuildPhase section */
		61E5E60C2B17E981005B3D03 /* Resources */ = {
			isa = PBXResourcesBuildPhase;
			buildActionMask = 2147483647;
			files = (
				325EC5CB2B85042A0049C234 /* LexendDeca-SemiBold.ttf in Resources */,
				325EC5CC2B85042A0049C234 /* LexendDeca-Bold.ttf in Resources */,
				32DE57402B8613480076A7E3 /* LexendDeca-Medium.ttf in Resources */,
				61E5E6192B17E981005B3D03 /* Preview Assets.xcassets in Resources */,
				61E5E6162B17E981005B3D03 /* Assets.xcassets in Resources */,
				325EC5CD2B85042A0049C234 /* LexendDeca-Regular.ttf in Resources */,
				6105432B2B34B5B300CFC9DB /* GoogleService-Info.plist in Resources */,
			);
			runOnlyForDeploymentPostprocessing = 0;
		};
/* End PBXResourcesBuildPhase section */

/* Begin PBXSourcesBuildPhase section */
		61E5E60A2B17E981005B3D03 /* Sources */ = {
			isa = PBXSourcesBuildPhase;
			buildActionMask = 2147483647;
			files = (
				61342F9F2B25DDB1000BE286 /* SupportScreen.swift in Sources */,
				32D45A0F2C860B7500C94DC2 /* MKCoordinateRegion+Ext.swift in Sources */,
				32C0A22B2C67FB6200621A7A /* View+Ext.swift in Sources */,
				32F4B5032B7A4ABF003EF8D3 /* LocationsList.swift in Sources */,
				614314922B17F98F009A1D9C /* MapScreen.swift in Sources */,
				32044B792C87B04300D90077 /* CityPicker.swift in Sources */,
				32378ADD2C8505D4006BD7E3 /* SignInFormFields.swift in Sources */,
				610543672B34CB0400CFC9DB /* SignInScreen.swift in Sources */,
				32B0E97B2B6C5E6F0090ABF2 /* LocationService.swift in Sources */,
				323959792C828E8E00599876 /* BaseButton.swift in Sources */,
				6105436C2B34E2FE00CFC9DB /* SignUpScreen.swift in Sources */,
				611AD1292B1D3F3A00BD5EB7 /* Service.swift in Sources */,
				611AD1372B1D3F4800BD5EB7 /* MapItemView.swift in Sources */,
				32D546B32C247DAF0074761A /* LocationCell.swift in Sources */,
				614314902B17F980009A1D9C /* HomeScreen.swift in Sources */,
				32044B7F2C87E60300D90077 /* FuelsInSelectedCity.swift in Sources */,
				61696B742B1F74EE00406421 /* Alert.swift in Sources */,
				6171A4462B1DD11800D22A23 /* QRCodeView.swift in Sources */,
				3223F4E92B84D96500DA0181 /* Font.swift in Sources */,
				61E5E6142B17E981005B3D03 /* TabScreen.swift in Sources */,
				32044B812C87E61000D90077 /* FuelsInSelectedStation.swift in Sources */,
				3270E3022BADC7CC0047E645 /* City.swift in Sources */,
				325CE7E42B80F350007E343D /* Color+Ext.swift in Sources */,
				32D45A112C860BA800C94DC2 /* CLLocationCoordinate2D+Ext.swift in Sources */,
				61BEC9A12B1E703D00AF223D /* UserPrivateDataView.swift in Sources */,
				6171A4442B1DCE6400D22A23 /* UserDataView.swift in Sources */,
				32BCC2422B8424E800AE47D6 /* FuelCell.swift in Sources */,
				322377512C8762A5001A2AC7 /* LauchScreen.swift in Sources */,
				32144CBA2B81200E009C3081 /* FuelsStack.swift in Sources */,
				32F4C3162BA0EF5A00B8A2E5 /* AnimatedButtonStyle.swift in Sources */,
				32044B7D2C87DFDF00D90077 /* MapControlStationsList.swift in Sources */,
				329613982B7914DD00649CAC /* AppearanceChanger.swift in Sources */,
				61E5E6122B17E981005B3D03 /* EcoFillApp.swift in Sources */,
				3242D11C2B728F04005BE4A3 /* Station.swift in Sources */,
				3239597F2C82A4B000599876 /* Row.swift in Sources */,
				32E563892B9CC7C5000BCFD4 /* CustomButtonModifier.swift in Sources */,
				32D672652B9F362200BAB824 /* Image+Ext.swift in Sources */,
				32378ADB2C8502DD006BD7E3 /* SignUpFormFields.swift in Sources */,
				323445702B4752F700C218F1 /* UserViewModel.swift in Sources */,
				611AD1332B1D3F4800BD5EB7 /* ServiceCell.swift in Sources */,
				61696B772B1F7A8400406421 /* String+Ext.swift in Sources */,
				3270E2FC2BADB88C0047E645 /* ResetEmailScreen.swift in Sources */,
				32C0A22D2C67FD7A00621A7A /* ButtonStyle+Ext.swift in Sources */,
				611AD1352B1D3F4800BD5EB7 /* ServicesList.swift in Sources */,
				6105436A2B34CF5700CFC9DB /* CustomTextField.swift in Sources */,
				322C96852C841606006EB5F5 /* MapViewModel.swift in Sources */,
				614314942B17F9A2009A1D9C /* UserScreen.swift in Sources */,
				3212AACB2C245BAB002FBA2A /* DismissXButton.swift in Sources */,
				61696B712B1F741F00406421 /* User.swift in Sources */,
			);
			runOnlyForDeploymentPostprocessing = 0;
		};
/* End PBXSourcesBuildPhase section */

/* Begin XCBuildConfiguration section */
		61E5E61A2B17E981005B3D03 /* Debug */ = {
			isa = XCBuildConfiguration;
			buildSettings = {
				ALWAYS_SEARCH_USER_PATHS = NO;
				ASSETCATALOG_COMPILER_GENERATE_SWIFT_ASSET_SYMBOL_EXTENSIONS = YES;
				CLANG_ANALYZER_NONNULL = YES;
				CLANG_ANALYZER_NUMBER_OBJECT_CONVERSION = YES_AGGRESSIVE;
				CLANG_CXX_LANGUAGE_STANDARD = "gnu++20";
				CLANG_ENABLE_MODULES = YES;
				CLANG_ENABLE_OBJC_ARC = YES;
				CLANG_ENABLE_OBJC_WEAK = YES;
				CLANG_WARN_BLOCK_CAPTURE_AUTORELEASING = YES;
				CLANG_WARN_BOOL_CONVERSION = YES;
				CLANG_WARN_COMMA = YES;
				CLANG_WARN_CONSTANT_CONVERSION = YES;
				CLANG_WARN_DEPRECATED_OBJC_IMPLEMENTATIONS = YES;
				CLANG_WARN_DIRECT_OBJC_ISA_USAGE = YES_ERROR;
				CLANG_WARN_DOCUMENTATION_COMMENTS = YES;
				CLANG_WARN_EMPTY_BODY = YES;
				CLANG_WARN_ENUM_CONVERSION = YES;
				CLANG_WARN_INFINITE_RECURSION = YES;
				CLANG_WARN_INT_CONVERSION = YES;
				CLANG_WARN_NON_LITERAL_NULL_CONVERSION = YES;
				CLANG_WARN_OBJC_IMPLICIT_RETAIN_SELF = YES;
				CLANG_WARN_OBJC_LITERAL_CONVERSION = YES;
				CLANG_WARN_OBJC_ROOT_CLASS = YES_ERROR;
				CLANG_WARN_QUOTED_INCLUDE_IN_FRAMEWORK_HEADER = YES;
				CLANG_WARN_RANGE_LOOP_ANALYSIS = YES;
				CLANG_WARN_STRICT_PROTOTYPES = YES;
				CLANG_WARN_SUSPICIOUS_MOVE = YES;
				CLANG_WARN_UNGUARDED_AVAILABILITY = YES_AGGRESSIVE;
				CLANG_WARN_UNREACHABLE_CODE = YES;
				CLANG_WARN__DUPLICATE_METHOD_MATCH = YES;
				COPY_PHASE_STRIP = NO;
				DEBUG_INFORMATION_FORMAT = dwarf;
				ENABLE_STRICT_OBJC_MSGSEND = YES;
				ENABLE_TESTABILITY = YES;
				ENABLE_USER_SCRIPT_SANDBOXING = YES;
				GCC_C_LANGUAGE_STANDARD = gnu17;
				GCC_DYNAMIC_NO_PIC = NO;
				GCC_NO_COMMON_BLOCKS = YES;
				GCC_OPTIMIZATION_LEVEL = 0;
				GCC_PREPROCESSOR_DEFINITIONS = (
					"DEBUG=1",
					"$(inherited)",
				);
				GCC_WARN_64_TO_32_BIT_CONVERSION = YES;
				GCC_WARN_ABOUT_RETURN_TYPE = YES_ERROR;
				GCC_WARN_UNDECLARED_SELECTOR = YES;
				GCC_WARN_UNINITIALIZED_AUTOS = YES_AGGRESSIVE;
				GCC_WARN_UNUSED_FUNCTION = YES;
				GCC_WARN_UNUSED_VARIABLE = YES;
				IPHONEOS_DEPLOYMENT_TARGET = 17.0;
				LOCALIZATION_PREFERS_STRING_CATALOGS = YES;
				MTL_ENABLE_DEBUG_INFO = INCLUDE_SOURCE;
				MTL_FAST_MATH = YES;
				ONLY_ACTIVE_ARCH = YES;
				SDKROOT = iphoneos;
				SWIFT_ACTIVE_COMPILATION_CONDITIONS = "DEBUG $(inherited)";
				SWIFT_OPTIMIZATION_LEVEL = "-Onone";
			};
			name = Debug;
		};
		61E5E61B2B17E981005B3D03 /* Release */ = {
			isa = XCBuildConfiguration;
			buildSettings = {
				ALWAYS_SEARCH_USER_PATHS = NO;
				ASSETCATALOG_COMPILER_GENERATE_SWIFT_ASSET_SYMBOL_EXTENSIONS = YES;
				CLANG_ANALYZER_NONNULL = YES;
				CLANG_ANALYZER_NUMBER_OBJECT_CONVERSION = YES_AGGRESSIVE;
				CLANG_CXX_LANGUAGE_STANDARD = "gnu++20";
				CLANG_ENABLE_MODULES = YES;
				CLANG_ENABLE_OBJC_ARC = YES;
				CLANG_ENABLE_OBJC_WEAK = YES;
				CLANG_WARN_BLOCK_CAPTURE_AUTORELEASING = YES;
				CLANG_WARN_BOOL_CONVERSION = YES;
				CLANG_WARN_COMMA = YES;
				CLANG_WARN_CONSTANT_CONVERSION = YES;
				CLANG_WARN_DEPRECATED_OBJC_IMPLEMENTATIONS = YES;
				CLANG_WARN_DIRECT_OBJC_ISA_USAGE = YES_ERROR;
				CLANG_WARN_DOCUMENTATION_COMMENTS = YES;
				CLANG_WARN_EMPTY_BODY = YES;
				CLANG_WARN_ENUM_CONVERSION = YES;
				CLANG_WARN_INFINITE_RECURSION = YES;
				CLANG_WARN_INT_CONVERSION = YES;
				CLANG_WARN_NON_LITERAL_NULL_CONVERSION = YES;
				CLANG_WARN_OBJC_IMPLICIT_RETAIN_SELF = YES;
				CLANG_WARN_OBJC_LITERAL_CONVERSION = YES;
				CLANG_WARN_OBJC_ROOT_CLASS = YES_ERROR;
				CLANG_WARN_QUOTED_INCLUDE_IN_FRAMEWORK_HEADER = YES;
				CLANG_WARN_RANGE_LOOP_ANALYSIS = YES;
				CLANG_WARN_STRICT_PROTOTYPES = YES;
				CLANG_WARN_SUSPICIOUS_MOVE = YES;
				CLANG_WARN_UNGUARDED_AVAILABILITY = YES_AGGRESSIVE;
				CLANG_WARN_UNREACHABLE_CODE = YES;
				CLANG_WARN__DUPLICATE_METHOD_MATCH = YES;
				COPY_PHASE_STRIP = NO;
				DEBUG_INFORMATION_FORMAT = "dwarf-with-dsym";
				ENABLE_NS_ASSERTIONS = NO;
				ENABLE_STRICT_OBJC_MSGSEND = YES;
				ENABLE_USER_SCRIPT_SANDBOXING = YES;
				GCC_C_LANGUAGE_STANDARD = gnu17;
				GCC_NO_COMMON_BLOCKS = YES;
				GCC_WARN_64_TO_32_BIT_CONVERSION = YES;
				GCC_WARN_ABOUT_RETURN_TYPE = YES_ERROR;
				GCC_WARN_UNDECLARED_SELECTOR = YES;
				GCC_WARN_UNINITIALIZED_AUTOS = YES_AGGRESSIVE;
				GCC_WARN_UNUSED_FUNCTION = YES;
				GCC_WARN_UNUSED_VARIABLE = YES;
				IPHONEOS_DEPLOYMENT_TARGET = 17.0;
				LOCALIZATION_PREFERS_STRING_CATALOGS = YES;
				MTL_ENABLE_DEBUG_INFO = NO;
				MTL_FAST_MATH = YES;
				SDKROOT = iphoneos;
				SWIFT_COMPILATION_MODE = wholemodule;
				VALIDATE_PRODUCT = YES;
			};
			name = Release;
		};
		61E5E61D2B17E981005B3D03 /* Debug */ = {
			isa = XCBuildConfiguration;
			buildSettings = {
				ASSETCATALOG_COMPILER_APPICON_NAME = AppIcon;
				ASSETCATALOG_COMPILER_GLOBAL_ACCENT_COLOR_NAME = AccentColor;
				CODE_SIGN_STYLE = Automatic;
				CURRENT_PROJECT_VERSION = 1;
				DEVELOPMENT_ASSET_PATHS = "\"EcoFill/Preview Content\"";
				DEVELOPMENT_TEAM = 5C7T379SKG;
				ENABLE_PREVIEWS = YES;
				GENERATE_INFOPLIST_FILE = YES;
				INFOPLIST_FILE = EcoFill/App/Info.plist;
				INFOPLIST_KEY_CFBundleDisplayName = EcoFill;
				INFOPLIST_KEY_LSApplicationCategoryType = "public.app-category.business";
				INFOPLIST_KEY_NSLocationWhenInUseUsageDescription = "EcoFill requires your location to work.";
				INFOPLIST_KEY_UIApplicationSceneManifest_Generation = YES;
				INFOPLIST_KEY_UIApplicationSupportsIndirectInputEvents = YES;
				INFOPLIST_KEY_UILaunchScreen_Generation = YES;
				INFOPLIST_KEY_UIStatusBarHidden = NO;
				INFOPLIST_KEY_UISupportedInterfaceOrientations = UIInterfaceOrientationPortrait;
				INFOPLIST_KEY_UISupportedInterfaceOrientations_iPad = "UIInterfaceOrientationLandscapeLeft UIInterfaceOrientationLandscapeRight UIInterfaceOrientationPortrait UIInterfaceOrientationPortraitUpsideDown";
				IPHONEOS_DEPLOYMENT_TARGET = 17.0;
				LD_RUNPATH_SEARCH_PATHS = (
					"$(inherited)",
					"@executable_path/Frameworks",
				);
				MARKETING_VERSION = 1.0;
				PRODUCT_BUNDLE_IDENTIFIER = com.alexanderandrianov.EcoFill;
				PRODUCT_NAME = "$(TARGET_NAME)";
				SUPPORTED_PLATFORMS = "iphoneos iphonesimulator";
				SUPPORTS_MACCATALYST = NO;
				SUPPORTS_MAC_DESIGNED_FOR_IPHONE_IPAD = NO;
				SUPPORTS_XR_DESIGNED_FOR_IPHONE_IPAD = NO;
				SWIFT_EMIT_LOC_STRINGS = YES;
				SWIFT_VERSION = 5.0;
				TARGETED_DEVICE_FAMILY = 1;
			};
			name = Debug;
		};
		61E5E61E2B17E981005B3D03 /* Release */ = {
			isa = XCBuildConfiguration;
			buildSettings = {
				ASSETCATALOG_COMPILER_APPICON_NAME = AppIcon;
				ASSETCATALOG_COMPILER_GLOBAL_ACCENT_COLOR_NAME = AccentColor;
				CODE_SIGN_STYLE = Automatic;
				CURRENT_PROJECT_VERSION = 1;
				DEVELOPMENT_ASSET_PATHS = "\"EcoFill/Preview Content\"";
				DEVELOPMENT_TEAM = 5C7T379SKG;
				ENABLE_PREVIEWS = YES;
				GENERATE_INFOPLIST_FILE = YES;
				INFOPLIST_FILE = EcoFill/App/Info.plist;
				INFOPLIST_KEY_CFBundleDisplayName = EcoFill;
				INFOPLIST_KEY_LSApplicationCategoryType = "public.app-category.business";
				INFOPLIST_KEY_NSLocationWhenInUseUsageDescription = "EcoFill requires your location to work.";
				INFOPLIST_KEY_UIApplicationSceneManifest_Generation = YES;
				INFOPLIST_KEY_UIApplicationSupportsIndirectInputEvents = YES;
				INFOPLIST_KEY_UILaunchScreen_Generation = YES;
				INFOPLIST_KEY_UIStatusBarHidden = NO;
				INFOPLIST_KEY_UISupportedInterfaceOrientations = UIInterfaceOrientationPortrait;
				INFOPLIST_KEY_UISupportedInterfaceOrientations_iPad = "UIInterfaceOrientationLandscapeLeft UIInterfaceOrientationLandscapeRight UIInterfaceOrientationPortrait UIInterfaceOrientationPortraitUpsideDown";
				IPHONEOS_DEPLOYMENT_TARGET = 17.0;
				LD_RUNPATH_SEARCH_PATHS = (
					"$(inherited)",
					"@executable_path/Frameworks",
				);
				MARKETING_VERSION = 1.0;
				PRODUCT_BUNDLE_IDENTIFIER = com.alexanderandrianov.EcoFill;
				PRODUCT_NAME = "$(TARGET_NAME)";
				SUPPORTED_PLATFORMS = "iphoneos iphonesimulator";
				SUPPORTS_MACCATALYST = NO;
				SUPPORTS_MAC_DESIGNED_FOR_IPHONE_IPAD = NO;
				SUPPORTS_XR_DESIGNED_FOR_IPHONE_IPAD = NO;
				SWIFT_EMIT_LOC_STRINGS = YES;
				SWIFT_VERSION = 5.0;
				TARGETED_DEVICE_FAMILY = 1;
			};
			name = Release;
		};
/* End XCBuildConfiguration section */

/* Begin XCConfigurationList section */
		61E5E6092B17E981005B3D03 /* Build configuration list for PBXProject "EcoFill" */ = {
			isa = XCConfigurationList;
			buildConfigurations = (
				61E5E61A2B17E981005B3D03 /* Debug */,
				61E5E61B2B17E981005B3D03 /* Release */,
			);
			defaultConfigurationIsVisible = 0;
			defaultConfigurationName = Release;
		};
		61E5E61C2B17E981005B3D03 /* Build configuration list for PBXNativeTarget "EcoFill" */ = {
			isa = XCConfigurationList;
			buildConfigurations = (
				61E5E61D2B17E981005B3D03 /* Debug */,
				61E5E61E2B17E981005B3D03 /* Release */,
			);
			defaultConfigurationIsVisible = 0;
			defaultConfigurationName = Release;
		};
/* End XCConfigurationList section */

/* Begin XCRemoteSwiftPackageReference section */
		6105432C2B34BD0700CFC9DB /* XCRemoteSwiftPackageReference "firebase-ios-sdk" */ = {
			isa = XCRemoteSwiftPackageReference;
			repositoryURL = "https://github.com/firebase/firebase-ios-sdk";
			requirement = {
				kind = upToNextMajorVersion;
				minimumVersion = 10.19.1;
			};
		};
/* End XCRemoteSwiftPackageReference section */

/* Begin XCSwiftPackageProductDependency section */
		610543392B34BD0700CFC9DB /* FirebaseAuth */ = {
			isa = XCSwiftPackageProductDependency;
			package = 6105432C2B34BD0700CFC9DB /* XCRemoteSwiftPackageReference "firebase-ios-sdk" */;
			productName = FirebaseAuth;
		};
		6105433F2B34BD0700CFC9DB /* FirebaseDatabase */ = {
			isa = XCSwiftPackageProductDependency;
			package = 6105432C2B34BD0700CFC9DB /* XCRemoteSwiftPackageReference "firebase-ios-sdk" */;
			productName = FirebaseDatabase;
		};
		610543412B34BD0700CFC9DB /* FirebaseDatabaseSwift */ = {
			isa = XCSwiftPackageProductDependency;
			package = 6105432C2B34BD0700CFC9DB /* XCRemoteSwiftPackageReference "firebase-ios-sdk" */;
			productName = FirebaseDatabaseSwift;
		};
		610543452B34BD0700CFC9DB /* FirebaseFirestore */ = {
			isa = XCSwiftPackageProductDependency;
			package = 6105432C2B34BD0700CFC9DB /* XCRemoteSwiftPackageReference "firebase-ios-sdk" */;
			productName = FirebaseFirestore;
		};
		610543492B34BD0700CFC9DB /* FirebaseFirestoreSwift */ = {
			isa = XCSwiftPackageProductDependency;
			package = 6105432C2B34BD0700CFC9DB /* XCRemoteSwiftPackageReference "firebase-ios-sdk" */;
			productName = FirebaseFirestoreSwift;
		};
		6105435F2B34BD0700CFC9DB /* FirebaseStorage */ = {
			isa = XCSwiftPackageProductDependency;
			package = 6105432C2B34BD0700CFC9DB /* XCRemoteSwiftPackageReference "firebase-ios-sdk" */;
			productName = FirebaseStorage;
		};
/* End XCSwiftPackageProductDependency section */
	};
	rootObject = 61E5E6062B17E981005B3D03 /* Project object */;
}
